// !$*UTF8*$!
{
	archiveVersion = 1;
	classes = {
	};
	objectVersion = 50;
	objects = {

/* Begin PBXBuildFile section */
		35F361E82950301E6411AB3A /* Pods_tiktokUITests.framework in Frameworks */ = {isa = PBXBuildFile; fileRef = 70B7AF7D05085A6ADFCDB1FF /* Pods_tiktokUITests.framework */; };
		3A4B00EB221ABC1700702FB4 /* icons.png in Resources */ = {isa = PBXBuildFile; fileRef = 3A4B00EA221ABC1700702FB4 /* icons.png */; };
		3A4B00ED221AC77700702FB4 /* dalibor.jpg in Resources */ = {isa = PBXBuildFile; fileRef = 3A4B00EC221AC77600702FB4 /* dalibor.jpg */; };
		3A4B00EF221AC8C100702FB4 /* lovered.png in Resources */ = {isa = PBXBuildFile; fileRef = 3A4B00EE221AC8C000702FB4 /* lovered.png */; };
		3A4B00F1221ACED700702FB4 /* ProfileViewController.swift in Sources */ = {isa = PBXBuildFile; fileRef = 3A4B00F0221ACED700702FB4 /* ProfileViewController.swift */; };
		3A7675672225480200DF9254 /* ProfileClickViewController.swift in Sources */ = {isa = PBXBuildFile; fileRef = 3A7675662225480200DF9254 /* ProfileClickViewController.swift */; };
		3AAF5F44226ED1BF004DA0EE /* SettingsTableViewCell.swift in Sources */ = {isa = PBXBuildFile; fileRef = 3AAF5F41226ED1BD004DA0EE /* SettingsTableViewCell.swift */; };
		3AAF5F45226ED1BF004DA0EE /* SettingsViewController.swift in Sources */ = {isa = PBXBuildFile; fileRef = 3AAF5F42226ED1BE004DA0EE /* SettingsViewController.swift */; };
		3AAF5F46226ED1BF004DA0EE /* PushNotificationsViewController.swift in Sources */ = {isa = PBXBuildFile; fileRef = 3AAF5F43226ED1BF004DA0EE /* PushNotificationsViewController.swift */; };
		553924E9AC4547AE2E15C84D /* Pods_tiktok.framework in Frameworks */ = {isa = PBXBuildFile; fileRef = 9A2833B3E680B615A1064A47 /* Pods_tiktok.framework */; };
		5E692EAF2251DA6D00E37377 /* TrendingCell.swift in Sources */ = {isa = PBXBuildFile; fileRef = 5E692EAE2251DA6D00E37377 /* TrendingCell.swift */; };
		5E692EB72252160400E37377 /* Tab1VC.swift in Sources */ = {isa = PBXBuildFile; fileRef = 5E692EB62252160400E37377 /* Tab1VC.swift */; };
		5E692EB92252160F00E37377 /* Tab2VC.swift in Sources */ = {isa = PBXBuildFile; fileRef = 5E692EB82252160F00E37377 /* Tab2VC.swift */; };
		6B0EEC9B2240B00300515F93 /* urlsClass.swift in Sources */ = {isa = PBXBuildFile; fileRef = 6B0EEC9A2240B00300515F93 /* urlsClass.swift */; };
		6B0EEC9D2240B8FE00515F93 /* otpCodableClass.swift in Sources */ = {isa = PBXBuildFile; fileRef = 6B0EEC9C2240B8FE00515F93 /* otpCodableClass.swift */; };
		6B0FAD7422284F91002E8B1C /* signupWithEmailVC.swift in Sources */ = {isa = PBXBuildFile; fileRef = 6B0FAD7322284F91002E8B1C /* signupWithEmailVC.swift */; };
		6B0FAD9B22292D5F002E8B1C /* country.json in Resources */ = {isa = PBXBuildFile; fileRef = 6B0FAD9A22292D5F002E8B1C /* country.json */; };
		6B0FAF94222930FF002E8B1C /* countryTableViewCell.swift in Sources */ = {isa = PBXBuildFile; fileRef = 6B0FAF93222930FF002E8B1C /* countryTableViewCell.swift */; };
		6B1024F1225A1F7B006A2853 /* imagesCollectionViewCell.swift in Sources */ = {isa = PBXBuildFile; fileRef = 6B1024F0225A1F7B006A2853 /* imagesCollectionViewCell.swift */; };
		6B10BCB62236321A000C7E24 /* videoViewController.swift in Sources */ = {isa = PBXBuildFile; fileRef = 6B10BCB52236321A000C7E24 /* videoViewController.swift */; };
		6B10EE14226F2D7C009B5813 /* ExampleNavigationController.swift in Sources */ = {isa = PBXBuildFile; fileRef = 6B10EE13226F2D7C009B5813 /* ExampleNavigationController.swift */; };
		6B132D382260588B00553E05 /* videoUploadAndTagsVC.swift in Sources */ = {isa = PBXBuildFile; fileRef = 6B132D372260588B00553E05 /* videoUploadAndTagsVC.swift */; };
		6B132D3A2260B68500553E05 /* editProfileVC.swift in Sources */ = {isa = PBXBuildFile; fileRef = 6B132D392260B68500553E05 /* editProfileVC.swift */; };
		6B1346C72238E61000CF025C /* DefaultsHelper.swift in Sources */ = {isa = PBXBuildFile; fileRef = 6B1346C62238E61000CF025C /* DefaultsHelper.swift */; };
		6B13845D2265A1BF00BBDF01 /* dummyImg.jpg in Resources */ = {isa = PBXBuildFile; fileRef = 6B13845C2265A1BD00BBDF01 /* dummyImg.jpg */; };
		6B138465226636CF00BBDF01 /* profileSearchVC.swift in Sources */ = {isa = PBXBuildFile; fileRef = 6B138464226636CF00BBDF01 /* profileSearchVC.swift */; };
		6B138469226638B300BBDF01 /* hashTagsVC.swift in Sources */ = {isa = PBXBuildFile; fileRef = 6B138466226638B200BBDF01 /* hashTagsVC.swift */; };
		6B13846A226638B300BBDF01 /* songsPageVc.swift in Sources */ = {isa = PBXBuildFile; fileRef = 6B138467226638B200BBDF01 /* songsPageVc.swift */; };
		6B13846B226638B300BBDF01 /* usersVC.swift in Sources */ = {isa = PBXBuildFile; fileRef = 6B138468226638B300BBDF01 /* usersVC.swift */; };
		6B13846D2268534C00BBDF01 /* videoPreviewPlayVC.swift in Sources */ = {isa = PBXBuildFile; fileRef = 6B13846C2268534C00BBDF01 /* videoPreviewPlayVC.swift */; };
		6B13846F2268927700BBDF01 /* videosCollectionPreviewVC.swift in Sources */ = {isa = PBXBuildFile; fileRef = 6B13846E2268927700BBDF01 /* videosCollectionPreviewVC.swift */; };
		6B1384712268D76F00BBDF01 /* trendingTableCell2.swift in Sources */ = {isa = PBXBuildFile; fileRef = 6B1384702268D76E00BBDF01 /* trendingTableCell2.swift */; };
		6B15A419224CB2AF002C8B28 /* DiscoverVC.swift in Sources */ = {isa = PBXBuildFile; fileRef = 6B15A416224CB2AE002C8B28 /* DiscoverVC.swift */; };
		6B15A41A224CB2AF002C8B28 /* FirstCollectionViewCell.swift in Sources */ = {isa = PBXBuildFile; fileRef = 6B15A417224CB2AF002C8B28 /* FirstCollectionViewCell.swift */; };
		6B15A41B224CB2AF002C8B28 /* TrendingCollectionCell.swift in Sources */ = {isa = PBXBuildFile; fileRef = 6B15A418224CB2AF002C8B28 /* TrendingCollectionCell.swift */; };
		6B1667E8226316FB00EF8853 /* DiscoverViewController.swift in Sources */ = {isa = PBXBuildFile; fileRef = 6B1667E7226316FB00EF8853 /* DiscoverViewController.swift */; };
		6B182E972248F33A0061B5A9 /* CaptureError.swift in Sources */ = {isa = PBXBuildFile; fileRef = 6B182E902248F3380061B5A9 /* CaptureError.swift */; };
		6B182E982248F33A0061B5A9 /* Composer.swift in Sources */ = {isa = PBXBuildFile; fileRef = 6B182E912248F3380061B5A9 /* Composer.swift */; };
		6B182E992248F33A0061B5A9 /* Recorder.swift in Sources */ = {isa = PBXBuildFile; fileRef = 6B182E922248F3380061B5A9 /* Recorder.swift */; };
		6B182E9A2248F33A0061B5A9 /* FilterCamViewController.swift in Sources */ = {isa = PBXBuildFile; fileRef = 6B182E932248F3390061B5A9 /* FilterCamViewController.swift */; };
		6B182E9B2248F33A0061B5A9 /* FrameRateCalculator.swift in Sources */ = {isa = PBXBuildFile; fileRef = 6B182E942248F3390061B5A9 /* FrameRateCalculator.swift */; };
		6B182E9C2248F33A0061B5A9 /* RecorderError.swift in Sources */ = {isa = PBXBuildFile; fileRef = 6B182E952248F3390061B5A9 /* RecorderError.swift */; };
		6B182E9D2248F33A0061B5A9 /* Capture.swift in Sources */ = {isa = PBXBuildFile; fileRef = 6B182E962248F3390061B5A9 /* Capture.swift */; };
		6B182E9F2248F3A70061B5A9 /* myVideoView.swift in Sources */ = {isa = PBXBuildFile; fileRef = 6B182E9E2248F3A70061B5A9 /* myVideoView.swift */; };
		6B182EA12249FE6A0061B5A9 /* iOSDevCenters+GIF.swift in Sources */ = {isa = PBXBuildFile; fileRef = 6B182EA02249FE690061B5A9 /* iOSDevCenters+GIF.swift */; };
		6B182EA32249FEDC0061B5A9 /* loader.gif in Resources */ = {isa = PBXBuildFile; fileRef = 6B182EA22249FED80061B5A9 /* loader.gif */; };
		6B18B62A2231167400A26009 /* Reachability.swift in Sources */ = {isa = PBXBuildFile; fileRef = 6B18B6292231167400A26009 /* Reachability.swift */; };
		6B18B62C223132EC00A26009 /* headerCollectionReusableView.swift in Sources */ = {isa = PBXBuildFile; fileRef = 6B18B62B223132EC00A26009 /* headerCollectionReusableView.swift */; };
		6B1B78F0222EE5C2000725C7 /* Twitter.framework in Frameworks */ = {isa = PBXBuildFile; fileRef = 6B1B78EF222EE5C2000725C7 /* Twitter.framework */; };
		6B1C229E222F854A007CD79D /* meViewController.swift in Sources */ = {isa = PBXBuildFile; fileRef = 6B1C229D222F854A007CD79D /* meViewController.swift */; };
		6B1C22A2222FC88F007CD79D /* signupPhoneNumData.swift in Sources */ = {isa = PBXBuildFile; fileRef = 6B1C22A1222FC88F007CD79D /* signupPhoneNumData.swift */; };
		6B1C8372221A961C001E7166 /* AppDelegate.swift in Sources */ = {isa = PBXBuildFile; fileRef = 6B1C8371221A961C001E7166 /* AppDelegate.swift */; };
		6B1C8374221A961C001E7166 /* ViewController.swift in Sources */ = {isa = PBXBuildFile; fileRef = 6B1C8373221A961C001E7166 /* ViewController.swift */; };
		6B1C8377221A961C001E7166 /* Main.storyboard in Resources */ = {isa = PBXBuildFile; fileRef = 6B1C8375221A961C001E7166 /* Main.storyboard */; };
		6B1C837A221A961C001E7166 /* tiktok.xcdatamodeld in Sources */ = {isa = PBXBuildFile; fileRef = 6B1C8378221A961C001E7166 /* tiktok.xcdatamodeld */; };
		6B1C837C221A961E001E7166 /* Assets.xcassets in Resources */ = {isa = PBXBuildFile; fileRef = 6B1C837B221A961E001E7166 /* Assets.xcassets */; };
		6B1C837F221A961E001E7166 /* LaunchScreen.storyboard in Resources */ = {isa = PBXBuildFile; fileRef = 6B1C837D221A961E001E7166 /* LaunchScreen.storyboard */; };
		6B1C838A221A961E001E7166 /* tiktokTests.swift in Sources */ = {isa = PBXBuildFile; fileRef = 6B1C8389221A961E001E7166 /* tiktokTests.swift */; };
		6B1C8395221A961E001E7166 /* tiktokUITests.swift in Sources */ = {isa = PBXBuildFile; fileRef = 6B1C8394221A961E001E7166 /* tiktokUITests.swift */; };
		6B1C83A3221AA234001E7166 /* khema-tsod-ctl-2017.jpg in Resources */ = {isa = PBXBuildFile; fileRef = 6B1C83A2221AA234001E7166 /* khema-tsod-ctl-2017.jpg */; };
		6B1C83DB221AABF9001E7166 /* homeTabViewController.swift in Sources */ = {isa = PBXBuildFile; fileRef = 6B1C83DA221AABF9001E7166 /* homeTabViewController.swift */; };
		6B1C83E3221BDB24001E7166 /* MyTabBarController.swift in Sources */ = {isa = PBXBuildFile; fileRef = 6B1C83E2221BDB24001E7166 /* MyTabBarController.swift */; };
		6B1C83E5221C17B6001E7166 /* profileVideosCollectionViewCell.swift in Sources */ = {isa = PBXBuildFile; fileRef = 6B1C83E4221C17B6001E7166 /* profileVideosCollectionViewCell.swift */; };
		6B1C83EA221C1AEA001E7166 /* download.png in Resources */ = {isa = PBXBuildFile; fileRef = 6B1C83E6221C1AE8001E7166 /* download.png */; };
		6B1C83EB221C1AEA001E7166 /* graphics-png-1.png in Resources */ = {isa = PBXBuildFile; fileRef = 6B1C83E7221C1AE9001E7166 /* graphics-png-1.png */; };
		6B1C83EC221C1AEA001E7166 /* d91209340bdc005936c46323a62caaff.png in Resources */ = {isa = PBXBuildFile; fileRef = 6B1C83E8221C1AE9001E7166 /* d91209340bdc005936c46323a62caaff.png */; };
		6B1C83ED221C1AEA001E7166 /* 0d8136205e0742312c6fbbff0a225de7.jpg in Resources */ = {isa = PBXBuildFile; fileRef = 6B1C83E9221C1AEA001E7166 /* 0d8136205e0742312c6fbbff0a225de7.jpg */; };
		6B1C83F2221C1D10001E7166 /* 1.png in Resources */ = {isa = PBXBuildFile; fileRef = 6B1C83EE221C1D0E001E7166 /* 1.png */; };
		6B1C83F3221C1D10001E7166 /* 2.png in Resources */ = {isa = PBXBuildFile; fileRef = 6B1C83EF221C1D0F001E7166 /* 2.png */; };
		6B1C83F4221C1D10001E7166 /* 3.png in Resources */ = {isa = PBXBuildFile; fileRef = 6B1C83F0221C1D0F001E7166 /* 3.png */; };
		6B1C83F5221C1D10001E7166 /* 4.jpeg in Resources */ = {isa = PBXBuildFile; fileRef = 6B1C83F1221C1D10001E7166 /* 4.jpeg */; };
		6B1C8420221D588E001E7166 /* signupVC.swift in Sources */ = {isa = PBXBuildFile; fileRef = 6B1C841F221D588E001E7166 /* signupVC.swift */; };
		6B1C8426221E5D6B001E7166 /* otpViewController.swift in Sources */ = {isa = PBXBuildFile; fileRef = 6B1C8425221E5D6B001E7166 /* otpViewController.swift */; };
		6B217D432269AAEE00B12A18 /* videosByHashTagViewController.swift in Sources */ = {isa = PBXBuildFile; fileRef = 6B217D422269AAEE00B12A18 /* videosByHashTagViewController.swift */; };
		6B217D452269ABA000B12A18 /* videosByHahsCollectionViewCell.swift in Sources */ = {isa = PBXBuildFile; fileRef = 6B217D442269ABA000B12A18 /* videosByHahsCollectionViewCell.swift */; };
		6B217D472269E93000B12A18 /* favouritesVC.swift in Sources */ = {isa = PBXBuildFile; fileRef = 6B217D462269E93000B12A18 /* favouritesVC.swift */; };
		6B217D49226B275D00B12A18 /* videosPage.swift in Sources */ = {isa = PBXBuildFile; fileRef = 6B217D48226B275D00B12A18 /* videosPage.swift */; };
		6B217D4B226B277400B12A18 /* soundPage.swift in Sources */ = {isa = PBXBuildFile; fileRef = 6B217D4A226B277400B12A18 /* soundPage.swift */; };
		6B217D4D226B278D00B12A18 /* hashTagsPage.swift in Sources */ = {isa = PBXBuildFile; fileRef = 6B217D4C226B278D00B12A18 /* hashTagsPage.swift */; };
		6B217D53226B296000B12A18 /* videopageCollectionViewCell.swift in Sources */ = {isa = PBXBuildFile; fileRef = 6B217D52226B296000B12A18 /* videopageCollectionViewCell.swift */; };
		6B2A9844225208DB00B5A984 /* audioAndVideosVC.swift in Sources */ = {isa = PBXBuildFile; fileRef = 6B2A9843225208DB00B5A984 /* audioAndVideosVC.swift */; };
		6B2A984A2252219C00B5A984 /* tab1AudioTableViewCell.swift in Sources */ = {isa = PBXBuildFile; fileRef = 6B2A98492252219C00B5A984 /* tab1AudioTableViewCell.swift */; };
		6B2AF7D72227BEF400448CC0 /* LogInViewController.swift in Sources */ = {isa = PBXBuildFile; fileRef = 6B2AF7D42227BEF400448CC0 /* LogInViewController.swift */; };
		6B2AF7D82227BEF400448CC0 /* CreatePasswordViewController.swift in Sources */ = {isa = PBXBuildFile; fileRef = 6B2AF7D52227BEF400448CC0 /* CreatePasswordViewController.swift */; };
		6B2AF7D92227BEF400448CC0 /* SignUpWithMobileViewController.swift in Sources */ = {isa = PBXBuildFile; fileRef = 6B2AF7D62227BEF400448CC0 /* SignUpWithMobileViewController.swift */; };
		6B2AF7DB2227C72900448CC0 /* UtilitiesClass.swift in Sources */ = {isa = PBXBuildFile; fileRef = 6B2AF7DA2227C72900448CC0 /* UtilitiesClass.swift */; };
		6B41048F226DE2E00041C18A /* usersSearchTableViewCell.swift in Sources */ = {isa = PBXBuildFile; fileRef = 6B41048E226DE2E00041C18A /* usersSearchTableViewCell.swift */; };
		6B553CD6225F129500D6FE67 /* BRCircularProgressView.swift in Sources */ = {isa = PBXBuildFile; fileRef = 6B553CD5225F129500D6FE67 /* BRCircularProgressView.swift */; };
		6B6286AB2240F33600400C0D /* videoPreviewViewController.swift in Sources */ = {isa = PBXBuildFile; fileRef = 6B6286AA2240F33600400C0D /* videoPreviewViewController.swift */; };
		6B66E80622325F7F0089732F /* profileNavViewController.swift in Sources */ = {isa = PBXBuildFile; fileRef = 6B66E80522325F7F0089732F /* profileNavViewController.swift */; };
		6B6AC751224253DC00BA1655 /* filterPopViewController.swift in Sources */ = {isa = PBXBuildFile; fileRef = 6B6AC750224253DC00BA1655 /* filterPopViewController.swift */; };
		6B6AC75B224256E500BA1655 /* BottomPopupUtils.swift in Sources */ = {isa = PBXBuildFile; fileRef = 6B6AC753224256E500BA1655 /* BottomPopupUtils.swift */; };
		6B6AC75C224256E500BA1655 /* BottomPopupViewController.swift in Sources */ = {isa = PBXBuildFile; fileRef = 6B6AC754224256E500BA1655 /* BottomPopupViewController.swift */; };
		6B6AC75D224256E500BA1655 /* BottomPopupDismissInteractionController.swift in Sources */ = {isa = PBXBuildFile; fileRef = 6B6AC755224256E500BA1655 /* BottomPopupDismissInteractionController.swift */; };
		6B6AC75E224256E500BA1655 /* BottomPopupNavigationController.swift in Sources */ = {isa = PBXBuildFile; fileRef = 6B6AC756224256E500BA1655 /* BottomPopupNavigationController.swift */; };
		6B6AC75F224256E500BA1655 /* BottomPopupDismissAnimator.swift in Sources */ = {isa = PBXBuildFile; fileRef = 6B6AC757224256E500BA1655 /* BottomPopupDismissAnimator.swift */; };
		6B6AC760224256E500BA1655 /* BottomPopupPresentAnimator.swift in Sources */ = {isa = PBXBuildFile; fileRef = 6B6AC758224256E500BA1655 /* BottomPopupPresentAnimator.swift */; };
		6B6AC761224256E500BA1655 /* BottomPopupTransitionHandler.swift in Sources */ = {isa = PBXBuildFile; fileRef = 6B6AC759224256E500BA1655 /* BottomPopupTransitionHandler.swift */; };
		6B6AC762224256E500BA1655 /* BottomPopupPresentationController.swift in Sources */ = {isa = PBXBuildFile; fileRef = 6B6AC75A224256E500BA1655 /* BottomPopupPresentationController.swift */; };
		6B6AC76522434B3400BA1655 /* AlignedCollectionVC.swift in Sources */ = {isa = PBXBuildFile; fileRef = 6B6AC76322434B3400BA1655 /* AlignedCollectionVC.swift */; };
		6B6AC76622434B3400BA1655 /* AlignedCollectionViewCell.swift in Sources */ = {isa = PBXBuildFile; fileRef = 6B6AC76422434B3400BA1655 /* AlignedCollectionViewCell.swift */; };
		6B6FBC87222E81C80093D989 /* mobileLoginVC.swift in Sources */ = {isa = PBXBuildFile; fileRef = 6B6FBC86222E81C80093D989 /* mobileLoginVC.swift */; };
		6B6FBC89222E84C00093D989 /* forgotPasswordViewController.swift in Sources */ = {isa = PBXBuildFile; fileRef = 6B6FBC88222E84C00093D989 /* forgotPasswordViewController.swift */; };
		6B8EB1472276B054005BB47F /* songDesignVC.swift in Sources */ = {isa = PBXBuildFile; fileRef = 6B8EB1462276B054005BB47F /* songDesignVC.swift */; };
		6B8EB1492276BF7C005BB47F /* songDesignCollectionViewCell.swift in Sources */ = {isa = PBXBuildFile; fileRef = 6B8EB1482276BF7C005BB47F /* songDesignCollectionViewCell.swift */; };
		6B8EB1542276DD98005BB47F /* FSPagerView.swift in Sources */ = {isa = PBXBuildFile; fileRef = 6B8EB14B2276DD98005BB47F /* FSPagerView.swift */; };
		6B8EB1552276DD98005BB47F /* FSPageViewTransformer.swift in Sources */ = {isa = PBXBuildFile; fileRef = 6B8EB14C2276DD98005BB47F /* FSPageViewTransformer.swift */; };
		6B8EB1562276DD98005BB47F /* FSPagerViewCell.swift in Sources */ = {isa = PBXBuildFile; fileRef = 6B8EB14E2276DD98005BB47F /* FSPagerViewCell.swift */; };
		6B8EB1572276DD98005BB47F /* FSPagerViewLayoutAttributes.swift in Sources */ = {isa = PBXBuildFile; fileRef = 6B8EB14F2276DD98005BB47F /* FSPagerViewLayoutAttributes.swift */; };
		6B8EB1582276DD98005BB47F /* FSPageViewLayout.swift in Sources */ = {isa = PBXBuildFile; fileRef = 6B8EB1502276DD98005BB47F /* FSPageViewLayout.swift */; };
		6B8EB1592276DD98005BB47F /* FSPageControl.swift in Sources */ = {isa = PBXBuildFile; fileRef = 6B8EB1512276DD98005BB47F /* FSPageControl.swift */; };
		6B8EB15A2276DD98005BB47F /* FSPagerViewObjcCompat.m in Sources */ = {isa = PBXBuildFile; fileRef = 6B8EB1522276DD98005BB47F /* FSPagerViewObjcCompat.m */; };
		6B8EB15B2276DD98005BB47F /* FSPagerCollectionView.swift in Sources */ = {isa = PBXBuildFile; fileRef = 6B8EB1532276DD98005BB47F /* FSPagerCollectionView.swift */; };
		6B8EB15F227708E8005BB47F /* songsSectionCollectionViewCell.swift in Sources */ = {isa = PBXBuildFile; fileRef = 6B8EB15E227708E8005BB47F /* songsSectionCollectionViewCell.swift */; };
		6B8EB1612277090F005BB47F /* songsSectionTableViewCell.swift in Sources */ = {isa = PBXBuildFile; fileRef = 6B8EB1602277090F005BB47F /* songsSectionTableViewCell.swift */; };
		6BA486E1222E3D4800E5AD9D /* AVFoundation.framework in Frameworks */ = {isa = PBXBuildFile; fileRef = 6BA486E0222E3D4800E5AD9D /* AVFoundation.framework */; };
		6BA486E7222E451C00E5AD9D /* Player.swift in Sources */ = {isa = PBXBuildFile; fileRef = 6BA486E6222E451C00E5AD9D /* Player.swift */; };
		6BC79E9F2227FB29009EEA9E /* credentials.plist in Resources */ = {isa = PBXBuildFile; fileRef = 6BC79E9E2227FB29009EEA9E /* credentials.plist */; };
		6BD4BF80225C986A000AEDAE /* abuseViewController.swift in Sources */ = {isa = PBXBuildFile; fileRef = 6BD4BF7F225C986A000AEDAE /* abuseViewController.swift */; };
		6BD4BF83225CB4E3000AEDAE /* NotificationsVC.swift in Sources */ = {isa = PBXBuildFile; fileRef = 6BD4BF81225CB4E2000AEDAE /* NotificationsVC.swift */; };
		6BD4BF84225CB4E3000AEDAE /* NotificationTableCell.swift in Sources */ = {isa = PBXBuildFile; fileRef = 6BD4BF82225CB4E3000AEDAE /* NotificationTableCell.swift */; };
		6BEC0D1E22537660006A9D7F /* songSelectVC.swift in Sources */ = {isa = PBXBuildFile; fileRef = 6BEC0D1D22537660006A9D7F /* songSelectVC.swift */; };
		6BEC0D2022538444006A9D7F /* songsTableViewCell.swift in Sources */ = {isa = PBXBuildFile; fileRef = 6BEC0D1F22538444006A9D7F /* songsTableViewCell.swift */; };
		6BED8C6C225DD863003C4E42 /* commentsViewController.swift in Sources */ = {isa = PBXBuildFile; fileRef = 6BED8C6B225DD863003C4E42 /* commentsViewController.swift */; };
		6BED8C6E225DDAC0003C4E42 /* commentTableViewCell.swift in Sources */ = {isa = PBXBuildFile; fileRef = 6BED8C6D225DDAC0003C4E42 /* commentTableViewCell.swift */; };
		6BED8C70225DDACD003C4E42 /* commentReplyTableViewCell.swift in Sources */ = {isa = PBXBuildFile; fileRef = 6BED8C6F225DDACD003C4E42 /* commentReplyTableViewCell.swift */; };
		6BF9BEAA226ECA0B0015AAE8 /* songsSearchTableViewCell.swift in Sources */ = {isa = PBXBuildFile; fileRef = 6BF9BEA9226ECA0B0015AAE8 /* songsSearchTableViewCell.swift */; };
		E34F938A65981C22EE05F637 /* Pods_tiktokTests.framework in Frameworks */ = {isa = PBXBuildFile; fileRef = E165378C33FDAD3B902A0B0E /* Pods_tiktokTests.framework */; };
/* End PBXBuildFile section */

/* Begin PBXContainerItemProxy section */
		6B1C8386221A961E001E7166 /* PBXContainerItemProxy */ = {
			isa = PBXContainerItemProxy;
			containerPortal = 6B1C8366221A961C001E7166 /* Project object */;
			proxyType = 1;
			remoteGlobalIDString = 6B1C836D221A961C001E7166;
			remoteInfo = tiktok;
		};
		6B1C8391221A961E001E7166 /* PBXContainerItemProxy */ = {
			isa = PBXContainerItemProxy;
			containerPortal = 6B1C8366221A961C001E7166 /* Project object */;
			proxyType = 1;
			remoteGlobalIDString = 6B1C836D221A961C001E7166;
			remoteInfo = tiktok;
		};
/* End PBXContainerItemProxy section */

/* Begin PBXFileReference section */
		0E8089E63B1C7931B1F2C363 /* Pods-tiktokTests.release.xcconfig */ = {isa = PBXFileReference; includeInIndex = 1; lastKnownFileType = text.xcconfig; name = "Pods-tiktokTests.release.xcconfig"; path = "Pods/Target Support Files/Pods-tiktokTests/Pods-tiktokTests.release.xcconfig"; sourceTree = "<group>"; };
		1EAADC32711315752DF185B2 /* Pods-tiktokUITests.release.xcconfig */ = {isa = PBXFileReference; includeInIndex = 1; lastKnownFileType = text.xcconfig; name = "Pods-tiktokUITests.release.xcconfig"; path = "Pods/Target Support Files/Pods-tiktokUITests/Pods-tiktokUITests.release.xcconfig"; sourceTree = "<group>"; };
		2A3DD5DD5E8E0F28594EB560 /* Pods-tiktokUITests.debug.xcconfig */ = {isa = PBXFileReference; includeInIndex = 1; lastKnownFileType = text.xcconfig; name = "Pods-tiktokUITests.debug.xcconfig"; path = "Pods/Target Support Files/Pods-tiktokUITests/Pods-tiktokUITests.debug.xcconfig"; sourceTree = "<group>"; };
		3A4B00EA221ABC1700702FB4 /* icons.png */ = {isa = PBXFileReference; lastKnownFileType = image.png; path = icons.png; sourceTree = "<group>"; };
		3A4B00EC221AC77600702FB4 /* dalibor.jpg */ = {isa = PBXFileReference; lastKnownFileType = image.jpeg; path = dalibor.jpg; sourceTree = "<group>"; };
		3A4B00EE221AC8C000702FB4 /* lovered.png */ = {isa = PBXFileReference; lastKnownFileType = image.png; path = lovered.png; sourceTree = "<group>"; };
		3A4B00F0221ACED700702FB4 /* ProfileViewController.swift */ = {isa = PBXFileReference; lastKnownFileType = sourcecode.swift; path = ProfileViewController.swift; sourceTree = "<group>"; };
		3A7675662225480200DF9254 /* ProfileClickViewController.swift */ = {isa = PBXFileReference; lastKnownFileType = sourcecode.swift; path = ProfileClickViewController.swift; sourceTree = "<group>"; };
		3AAF5F41226ED1BD004DA0EE /* SettingsTableViewCell.swift */ = {isa = PBXFileReference; fileEncoding = 4; lastKnownFileType = sourcecode.swift; path = SettingsTableViewCell.swift; sourceTree = "<group>"; };
		3AAF5F42226ED1BE004DA0EE /* SettingsViewController.swift */ = {isa = PBXFileReference; fileEncoding = 4; lastKnownFileType = sourcecode.swift; path = SettingsViewController.swift; sourceTree = "<group>"; };
		3AAF5F43226ED1BF004DA0EE /* PushNotificationsViewController.swift */ = {isa = PBXFileReference; fileEncoding = 4; lastKnownFileType = sourcecode.swift; path = PushNotificationsViewController.swift; sourceTree = "<group>"; };
		5E692EAE2251DA6D00E37377 /* TrendingCell.swift */ = {isa = PBXFileReference; fileEncoding = 4; lastKnownFileType = sourcecode.swift; path = TrendingCell.swift; sourceTree = "<group>"; };
		5E692EB62252160400E37377 /* Tab1VC.swift */ = {isa = PBXFileReference; fileEncoding = 4; lastKnownFileType = sourcecode.swift; path = Tab1VC.swift; sourceTree = "<group>"; };
		5E692EB82252160F00E37377 /* Tab2VC.swift */ = {isa = PBXFileReference; fileEncoding = 4; lastKnownFileType = sourcecode.swift; path = Tab2VC.swift; sourceTree = "<group>"; };
		6B0EEC9A2240B00300515F93 /* urlsClass.swift */ = {isa = PBXFileReference; lastKnownFileType = sourcecode.swift; path = urlsClass.swift; sourceTree = "<group>"; };
		6B0EEC9C2240B8FE00515F93 /* otpCodableClass.swift */ = {isa = PBXFileReference; lastKnownFileType = sourcecode.swift; path = otpCodableClass.swift; sourceTree = "<group>"; };
		6B0FAD7322284F91002E8B1C /* signupWithEmailVC.swift */ = {isa = PBXFileReference; lastKnownFileType = sourcecode.swift; path = signupWithEmailVC.swift; sourceTree = "<group>"; };
		6B0FAD9A22292D5F002E8B1C /* country.json */ = {isa = PBXFileReference; fileEncoding = 4; lastKnownFileType = text.json; path = country.json; sourceTree = "<group>"; };
		6B0FAF93222930FF002E8B1C /* countryTableViewCell.swift */ = {isa = PBXFileReference; lastKnownFileType = sourcecode.swift; path = countryTableViewCell.swift; sourceTree = "<group>"; };
		6B1024F0225A1F7B006A2853 /* imagesCollectionViewCell.swift */ = {isa = PBXFileReference; lastKnownFileType = sourcecode.swift; path = imagesCollectionViewCell.swift; sourceTree = "<group>"; };
		6B10BCB52236321A000C7E24 /* videoViewController.swift */ = {isa = PBXFileReference; lastKnownFileType = sourcecode.swift; path = videoViewController.swift; sourceTree = "<group>"; };
		6B10EE13226F2D7C009B5813 /* ExampleNavigationController.swift */ = {isa = PBXFileReference; fileEncoding = 4; lastKnownFileType = sourcecode.swift; path = ExampleNavigationController.swift; sourceTree = "<group>"; };
		6B132D372260588B00553E05 /* videoUploadAndTagsVC.swift */ = {isa = PBXFileReference; lastKnownFileType = sourcecode.swift; path = videoUploadAndTagsVC.swift; sourceTree = "<group>"; };
		6B132D392260B68500553E05 /* editProfileVC.swift */ = {isa = PBXFileReference; lastKnownFileType = sourcecode.swift; path = editProfileVC.swift; sourceTree = "<group>"; };
		6B1346C62238E61000CF025C /* DefaultsHelper.swift */ = {isa = PBXFileReference; fileEncoding = 4; lastKnownFileType = sourcecode.swift; path = DefaultsHelper.swift; sourceTree = "<group>"; };
		6B13845C2265A1BD00BBDF01 /* dummyImg.jpg */ = {isa = PBXFileReference; lastKnownFileType = image.jpeg; path = dummyImg.jpg; sourceTree = "<group>"; };
		6B138464226636CF00BBDF01 /* profileSearchVC.swift */ = {isa = PBXFileReference; lastKnownFileType = sourcecode.swift; path = profileSearchVC.swift; sourceTree = "<group>"; };
		6B138466226638B200BBDF01 /* hashTagsVC.swift */ = {isa = PBXFileReference; fileEncoding = 4; lastKnownFileType = sourcecode.swift; path = hashTagsVC.swift; sourceTree = "<group>"; };
		6B138467226638B200BBDF01 /* songsPageVc.swift */ = {isa = PBXFileReference; fileEncoding = 4; lastKnownFileType = sourcecode.swift; path = songsPageVc.swift; sourceTree = "<group>"; };
		6B138468226638B300BBDF01 /* usersVC.swift */ = {isa = PBXFileReference; fileEncoding = 4; lastKnownFileType = sourcecode.swift; path = usersVC.swift; sourceTree = "<group>"; };
		6B13846C2268534C00BBDF01 /* videoPreviewPlayVC.swift */ = {isa = PBXFileReference; lastKnownFileType = sourcecode.swift; path = videoPreviewPlayVC.swift; sourceTree = "<group>"; };
		6B13846E2268927700BBDF01 /* videosCollectionPreviewVC.swift */ = {isa = PBXFileReference; lastKnownFileType = sourcecode.swift; path = videosCollectionPreviewVC.swift; sourceTree = "<group>"; };
		6B1384702268D76E00BBDF01 /* trendingTableCell2.swift */ = {isa = PBXFileReference; lastKnownFileType = sourcecode.swift; path = trendingTableCell2.swift; sourceTree = "<group>"; };
		6B15A416224CB2AE002C8B28 /* DiscoverVC.swift */ = {isa = PBXFileReference; fileEncoding = 4; lastKnownFileType = sourcecode.swift; path = DiscoverVC.swift; sourceTree = "<group>"; };
		6B15A417224CB2AF002C8B28 /* FirstCollectionViewCell.swift */ = {isa = PBXFileReference; fileEncoding = 4; lastKnownFileType = sourcecode.swift; path = FirstCollectionViewCell.swift; sourceTree = "<group>"; };
		6B15A418224CB2AF002C8B28 /* TrendingCollectionCell.swift */ = {isa = PBXFileReference; fileEncoding = 4; lastKnownFileType = sourcecode.swift; path = TrendingCollectionCell.swift; sourceTree = "<group>"; };
		6B1667E7226316FB00EF8853 /* DiscoverViewController.swift */ = {isa = PBXFileReference; lastKnownFileType = sourcecode.swift; path = DiscoverViewController.swift; sourceTree = "<group>"; };
		6B182E902248F3380061B5A9 /* CaptureError.swift */ = {isa = PBXFileReference; fileEncoding = 4; lastKnownFileType = sourcecode.swift; path = CaptureError.swift; sourceTree = "<group>"; };
		6B182E912248F3380061B5A9 /* Composer.swift */ = {isa = PBXFileReference; fileEncoding = 4; lastKnownFileType = sourcecode.swift; path = Composer.swift; sourceTree = "<group>"; };
		6B182E922248F3380061B5A9 /* Recorder.swift */ = {isa = PBXFileReference; fileEncoding = 4; lastKnownFileType = sourcecode.swift; path = Recorder.swift; sourceTree = "<group>"; };
		6B182E932248F3390061B5A9 /* FilterCamViewController.swift */ = {isa = PBXFileReference; fileEncoding = 4; lastKnownFileType = sourcecode.swift; path = FilterCamViewController.swift; sourceTree = "<group>"; };
		6B182E942248F3390061B5A9 /* FrameRateCalculator.swift */ = {isa = PBXFileReference; fileEncoding = 4; lastKnownFileType = sourcecode.swift; path = FrameRateCalculator.swift; sourceTree = "<group>"; };
		6B182E952248F3390061B5A9 /* RecorderError.swift */ = {isa = PBXFileReference; fileEncoding = 4; lastKnownFileType = sourcecode.swift; path = RecorderError.swift; sourceTree = "<group>"; };
		6B182E962248F3390061B5A9 /* Capture.swift */ = {isa = PBXFileReference; fileEncoding = 4; lastKnownFileType = sourcecode.swift; path = Capture.swift; sourceTree = "<group>"; };
		6B182E9E2248F3A70061B5A9 /* myVideoView.swift */ = {isa = PBXFileReference; lastKnownFileType = sourcecode.swift; path = myVideoView.swift; sourceTree = "<group>"; };
		6B182EA02249FE690061B5A9 /* iOSDevCenters+GIF.swift */ = {isa = PBXFileReference; fileEncoding = 4; lastKnownFileType = sourcecode.swift; path = "iOSDevCenters+GIF.swift"; sourceTree = "<group>"; };
		6B182EA22249FED80061B5A9 /* loader.gif */ = {isa = PBXFileReference; lastKnownFileType = image.gif; path = loader.gif; sourceTree = "<group>"; };
		6B18B6292231167400A26009 /* Reachability.swift */ = {isa = PBXFileReference; fileEncoding = 4; lastKnownFileType = sourcecode.swift; path = Reachability.swift; sourceTree = "<group>"; };
		6B18B62B223132EC00A26009 /* headerCollectionReusableView.swift */ = {isa = PBXFileReference; lastKnownFileType = sourcecode.swift; path = headerCollectionReusableView.swift; sourceTree = "<group>"; };
		6B1B78EF222EE5C2000725C7 /* Twitter.framework */ = {isa = PBXFileReference; lastKnownFileType = wrapper.framework; name = Twitter.framework; path = System/Library/Frameworks/Twitter.framework; sourceTree = SDKROOT; };
		6B1C229D222F854A007CD79D /* meViewController.swift */ = {isa = PBXFileReference; lastKnownFileType = sourcecode.swift; path = meViewController.swift; sourceTree = "<group>"; };
		6B1C22A1222FC88F007CD79D /* signupPhoneNumData.swift */ = {isa = PBXFileReference; lastKnownFileType = sourcecode.swift; path = signupPhoneNumData.swift; sourceTree = "<group>"; };
		6B1C836E221A961C001E7166 /* tiktok.app */ = {isa = PBXFileReference; explicitFileType = wrapper.application; includeInIndex = 0; path = tiktok.app; sourceTree = BUILT_PRODUCTS_DIR; };
		6B1C8371221A961C001E7166 /* AppDelegate.swift */ = {isa = PBXFileReference; lastKnownFileType = sourcecode.swift; path = AppDelegate.swift; sourceTree = "<group>"; };
		6B1C8373221A961C001E7166 /* ViewController.swift */ = {isa = PBXFileReference; lastKnownFileType = sourcecode.swift; path = ViewController.swift; sourceTree = "<group>"; };
		6B1C8376221A961C001E7166 /* Base */ = {isa = PBXFileReference; lastKnownFileType = file.storyboard; name = Base; path = Base.lproj/Main.storyboard; sourceTree = "<group>"; };
		6B1C8379221A961C001E7166 /* tiktok.xcdatamodel */ = {isa = PBXFileReference; lastKnownFileType = wrapper.xcdatamodel; path = tiktok.xcdatamodel; sourceTree = "<group>"; };
		6B1C837B221A961E001E7166 /* Assets.xcassets */ = {isa = PBXFileReference; lastKnownFileType = folder.assetcatalog; path = Assets.xcassets; sourceTree = "<group>"; };
		6B1C837E221A961E001E7166 /* Base */ = {isa = PBXFileReference; lastKnownFileType = file.storyboard; name = Base; path = Base.lproj/LaunchScreen.storyboard; sourceTree = "<group>"; };
		6B1C8380221A961E001E7166 /* Info.plist */ = {isa = PBXFileReference; lastKnownFileType = text.plist.xml; path = Info.plist; sourceTree = "<group>"; };
		6B1C8385221A961E001E7166 /* tiktokTests.xctest */ = {isa = PBXFileReference; explicitFileType = wrapper.cfbundle; includeInIndex = 0; path = tiktokTests.xctest; sourceTree = BUILT_PRODUCTS_DIR; };
		6B1C8389221A961E001E7166 /* tiktokTests.swift */ = {isa = PBXFileReference; lastKnownFileType = sourcecode.swift; path = tiktokTests.swift; sourceTree = "<group>"; };
		6B1C838B221A961E001E7166 /* Info.plist */ = {isa = PBXFileReference; lastKnownFileType = text.plist.xml; path = Info.plist; sourceTree = "<group>"; };
		6B1C8390221A961E001E7166 /* tiktokUITests.xctest */ = {isa = PBXFileReference; explicitFileType = wrapper.cfbundle; includeInIndex = 0; path = tiktokUITests.xctest; sourceTree = BUILT_PRODUCTS_DIR; };
		6B1C8394221A961E001E7166 /* tiktokUITests.swift */ = {isa = PBXFileReference; lastKnownFileType = sourcecode.swift; path = tiktokUITests.swift; sourceTree = "<group>"; };
		6B1C8396221A961E001E7166 /* Info.plist */ = {isa = PBXFileReference; lastKnownFileType = text.plist.xml; path = Info.plist; sourceTree = "<group>"; };
		6B1C83A2221AA234001E7166 /* khema-tsod-ctl-2017.jpg */ = {isa = PBXFileReference; lastKnownFileType = image.jpeg; path = "khema-tsod-ctl-2017.jpg"; sourceTree = "<group>"; };
		6B1C83DA221AABF9001E7166 /* homeTabViewController.swift */ = {isa = PBXFileReference; lastKnownFileType = sourcecode.swift; path = homeTabViewController.swift; sourceTree = "<group>"; };
		6B1C83E2221BDB24001E7166 /* MyTabBarController.swift */ = {isa = PBXFileReference; lastKnownFileType = sourcecode.swift; path = MyTabBarController.swift; sourceTree = "<group>"; };
		6B1C83E4221C17B6001E7166 /* profileVideosCollectionViewCell.swift */ = {isa = PBXFileReference; lastKnownFileType = sourcecode.swift; path = profileVideosCollectionViewCell.swift; sourceTree = "<group>"; };
		6B1C83E6221C1AE8001E7166 /* download.png */ = {isa = PBXFileReference; lastKnownFileType = image.png; path = download.png; sourceTree = "<group>"; };
		6B1C83E7221C1AE9001E7166 /* graphics-png-1.png */ = {isa = PBXFileReference; lastKnownFileType = image.png; path = "graphics-png-1.png"; sourceTree = "<group>"; };
		6B1C83E8221C1AE9001E7166 /* d91209340bdc005936c46323a62caaff.png */ = {isa = PBXFileReference; lastKnownFileType = image.png; path = d91209340bdc005936c46323a62caaff.png; sourceTree = "<group>"; };
		6B1C83E9221C1AEA001E7166 /* 0d8136205e0742312c6fbbff0a225de7.jpg */ = {isa = PBXFileReference; lastKnownFileType = image.jpeg; path = 0d8136205e0742312c6fbbff0a225de7.jpg; sourceTree = "<group>"; };
		6B1C83EE221C1D0E001E7166 /* 1.png */ = {isa = PBXFileReference; lastKnownFileType = image.png; path = 1.png; sourceTree = "<group>"; };
		6B1C83EF221C1D0F001E7166 /* 2.png */ = {isa = PBXFileReference; lastKnownFileType = image.png; path = 2.png; sourceTree = "<group>"; };
		6B1C83F0221C1D0F001E7166 /* 3.png */ = {isa = PBXFileReference; lastKnownFileType = image.png; path = 3.png; sourceTree = "<group>"; };
		6B1C83F1221C1D10001E7166 /* 4.jpeg */ = {isa = PBXFileReference; lastKnownFileType = image.jpeg; path = 4.jpeg; sourceTree = "<group>"; };
		6B1C841F221D588E001E7166 /* signupVC.swift */ = {isa = PBXFileReference; lastKnownFileType = sourcecode.swift; path = signupVC.swift; sourceTree = "<group>"; };
		6B1C8425221E5D6B001E7166 /* otpViewController.swift */ = {isa = PBXFileReference; lastKnownFileType = sourcecode.swift; path = otpViewController.swift; sourceTree = "<group>"; };
		6B217D422269AAEE00B12A18 /* videosByHashTagViewController.swift */ = {isa = PBXFileReference; lastKnownFileType = sourcecode.swift; path = videosByHashTagViewController.swift; sourceTree = "<group>"; };
		6B217D442269ABA000B12A18 /* videosByHahsCollectionViewCell.swift */ = {isa = PBXFileReference; lastKnownFileType = sourcecode.swift; path = videosByHahsCollectionViewCell.swift; sourceTree = "<group>"; };
		6B217D462269E93000B12A18 /* favouritesVC.swift */ = {isa = PBXFileReference; lastKnownFileType = sourcecode.swift; path = favouritesVC.swift; sourceTree = "<group>"; };
		6B217D48226B275D00B12A18 /* videosPage.swift */ = {isa = PBXFileReference; lastKnownFileType = sourcecode.swift; path = videosPage.swift; sourceTree = "<group>"; };
		6B217D4A226B277400B12A18 /* soundPage.swift */ = {isa = PBXFileReference; lastKnownFileType = sourcecode.swift; path = soundPage.swift; sourceTree = "<group>"; };
		6B217D4C226B278D00B12A18 /* hashTagsPage.swift */ = {isa = PBXFileReference; lastKnownFileType = sourcecode.swift; path = hashTagsPage.swift; sourceTree = "<group>"; };
		6B217D52226B296000B12A18 /* videopageCollectionViewCell.swift */ = {isa = PBXFileReference; lastKnownFileType = sourcecode.swift; path = videopageCollectionViewCell.swift; sourceTree = "<group>"; };
		6B2A9843225208DB00B5A984 /* audioAndVideosVC.swift */ = {isa = PBXFileReference; lastKnownFileType = sourcecode.swift; path = audioAndVideosVC.swift; sourceTree = "<group>"; };
		6B2A98492252219C00B5A984 /* tab1AudioTableViewCell.swift */ = {isa = PBXFileReference; lastKnownFileType = sourcecode.swift; path = tab1AudioTableViewCell.swift; sourceTree = "<group>"; };
		6B2AF7D42227BEF400448CC0 /* LogInViewController.swift */ = {isa = PBXFileReference; fileEncoding = 4; lastKnownFileType = sourcecode.swift; path = LogInViewController.swift; sourceTree = "<group>"; };
		6B2AF7D52227BEF400448CC0 /* CreatePasswordViewController.swift */ = {isa = PBXFileReference; fileEncoding = 4; lastKnownFileType = sourcecode.swift; path = CreatePasswordViewController.swift; sourceTree = "<group>"; };
		6B2AF7D62227BEF400448CC0 /* SignUpWithMobileViewController.swift */ = {isa = PBXFileReference; fileEncoding = 4; lastKnownFileType = sourcecode.swift; path = SignUpWithMobileViewController.swift; sourceTree = "<group>"; };
		6B2AF7DA2227C72900448CC0 /* UtilitiesClass.swift */ = {isa = PBXFileReference; lastKnownFileType = sourcecode.swift; path = UtilitiesClass.swift; sourceTree = "<group>"; };
		6B41048E226DE2E00041C18A /* usersSearchTableViewCell.swift */ = {isa = PBXFileReference; lastKnownFileType = sourcecode.swift; path = usersSearchTableViewCell.swift; sourceTree = "<group>"; };
		6B553CD5225F129500D6FE67 /* BRCircularProgressView.swift */ = {isa = PBXFileReference; fileEncoding = 4; lastKnownFileType = sourcecode.swift; path = BRCircularProgressView.swift; sourceTree = "<group>"; };
		6B6286AA2240F33600400C0D /* videoPreviewViewController.swift */ = {isa = PBXFileReference; lastKnownFileType = sourcecode.swift; path = videoPreviewViewController.swift; sourceTree = "<group>"; };
		6B66E80522325F7F0089732F /* profileNavViewController.swift */ = {isa = PBXFileReference; lastKnownFileType = sourcecode.swift; path = profileNavViewController.swift; sourceTree = "<group>"; };
		6B6AC750224253DC00BA1655 /* filterPopViewController.swift */ = {isa = PBXFileReference; lastKnownFileType = sourcecode.swift; path = filterPopViewController.swift; sourceTree = "<group>"; };
		6B6AC753224256E500BA1655 /* BottomPopupUtils.swift */ = {isa = PBXFileReference; fileEncoding = 4; lastKnownFileType = sourcecode.swift; path = BottomPopupUtils.swift; sourceTree = "<group>"; };
		6B6AC754224256E500BA1655 /* BottomPopupViewController.swift */ = {isa = PBXFileReference; fileEncoding = 4; lastKnownFileType = sourcecode.swift; path = BottomPopupViewController.swift; sourceTree = "<group>"; };
		6B6AC755224256E500BA1655 /* BottomPopupDismissInteractionController.swift */ = {isa = PBXFileReference; fileEncoding = 4; lastKnownFileType = sourcecode.swift; path = BottomPopupDismissInteractionController.swift; sourceTree = "<group>"; };
		6B6AC756224256E500BA1655 /* BottomPopupNavigationController.swift */ = {isa = PBXFileReference; fileEncoding = 4; lastKnownFileType = sourcecode.swift; path = BottomPopupNavigationController.swift; sourceTree = "<group>"; };
		6B6AC757224256E500BA1655 /* BottomPopupDismissAnimator.swift */ = {isa = PBXFileReference; fileEncoding = 4; lastKnownFileType = sourcecode.swift; path = BottomPopupDismissAnimator.swift; sourceTree = "<group>"; };
		6B6AC758224256E500BA1655 /* BottomPopupPresentAnimator.swift */ = {isa = PBXFileReference; fileEncoding = 4; lastKnownFileType = sourcecode.swift; path = BottomPopupPresentAnimator.swift; sourceTree = "<group>"; };
		6B6AC759224256E500BA1655 /* BottomPopupTransitionHandler.swift */ = {isa = PBXFileReference; fileEncoding = 4; lastKnownFileType = sourcecode.swift; path = BottomPopupTransitionHandler.swift; sourceTree = "<group>"; };
		6B6AC75A224256E500BA1655 /* BottomPopupPresentationController.swift */ = {isa = PBXFileReference; fileEncoding = 4; lastKnownFileType = sourcecode.swift; path = BottomPopupPresentationController.swift; sourceTree = "<group>"; };
		6B6AC76322434B3400BA1655 /* AlignedCollectionVC.swift */ = {isa = PBXFileReference; fileEncoding = 4; lastKnownFileType = sourcecode.swift; path = AlignedCollectionVC.swift; sourceTree = "<group>"; };
		6B6AC76422434B3400BA1655 /* AlignedCollectionViewCell.swift */ = {isa = PBXFileReference; fileEncoding = 4; lastKnownFileType = sourcecode.swift; path = AlignedCollectionViewCell.swift; sourceTree = "<group>"; };
		6B6FBC86222E81C80093D989 /* mobileLoginVC.swift */ = {isa = PBXFileReference; lastKnownFileType = sourcecode.swift; path = mobileLoginVC.swift; sourceTree = "<group>"; };
		6B6FBC88222E84C00093D989 /* forgotPasswordViewController.swift */ = {isa = PBXFileReference; lastKnownFileType = sourcecode.swift; path = forgotPasswordViewController.swift; sourceTree = "<group>"; };
		6B8EB1462276B054005BB47F /* songDesignVC.swift */ = {isa = PBXFileReference; lastKnownFileType = sourcecode.swift; path = songDesignVC.swift; sourceTree = "<group>"; };
		6B8EB1482276BF7C005BB47F /* songDesignCollectionViewCell.swift */ = {isa = PBXFileReference; lastKnownFileType = sourcecode.swift; path = songDesignCollectionViewCell.swift; sourceTree = "<group>"; };
		6B8EB14B2276DD98005BB47F /* FSPagerView.swift */ = {isa = PBXFileReference; fileEncoding = 4; lastKnownFileType = sourcecode.swift; path = FSPagerView.swift; sourceTree = "<group>"; };
		6B8EB14C2276DD98005BB47F /* FSPageViewTransformer.swift */ = {isa = PBXFileReference; fileEncoding = 4; lastKnownFileType = sourcecode.swift; path = FSPageViewTransformer.swift; sourceTree = "<group>"; };
		6B8EB14D2276DD98005BB47F /* FSPagerViewObjcCompat.h */ = {isa = PBXFileReference; fileEncoding = 4; lastKnownFileType = sourcecode.c.h; path = FSPagerViewObjcCompat.h; sourceTree = "<group>"; };
		6B8EB14E2276DD98005BB47F /* FSPagerViewCell.swift */ = {isa = PBXFileReference; fileEncoding = 4; lastKnownFileType = sourcecode.swift; path = FSPagerViewCell.swift; sourceTree = "<group>"; };
		6B8EB14F2276DD98005BB47F /* FSPagerViewLayoutAttributes.swift */ = {isa = PBXFileReference; fileEncoding = 4; lastKnownFileType = sourcecode.swift; path = FSPagerViewLayoutAttributes.swift; sourceTree = "<group>"; };
		6B8EB1502276DD98005BB47F /* FSPageViewLayout.swift */ = {isa = PBXFileReference; fileEncoding = 4; lastKnownFileType = sourcecode.swift; path = FSPageViewLayout.swift; sourceTree = "<group>"; };
		6B8EB1512276DD98005BB47F /* FSPageControl.swift */ = {isa = PBXFileReference; fileEncoding = 4; lastKnownFileType = sourcecode.swift; path = FSPageControl.swift; sourceTree = "<group>"; };
		6B8EB1522276DD98005BB47F /* FSPagerViewObjcCompat.m */ = {isa = PBXFileReference; fileEncoding = 4; lastKnownFileType = sourcecode.c.objc; path = FSPagerViewObjcCompat.m; sourceTree = "<group>"; };
		6B8EB1532276DD98005BB47F /* FSPagerCollectionView.swift */ = {isa = PBXFileReference; fileEncoding = 4; lastKnownFileType = sourcecode.swift; path = FSPagerCollectionView.swift; sourceTree = "<group>"; };
		6B8EB15E227708E8005BB47F /* songsSectionCollectionViewCell.swift */ = {isa = PBXFileReference; lastKnownFileType = sourcecode.swift; path = songsSectionCollectionViewCell.swift; sourceTree = "<group>"; };
		6B8EB1602277090F005BB47F /* songsSectionTableViewCell.swift */ = {isa = PBXFileReference; lastKnownFileType = sourcecode.swift; path = songsSectionTableViewCell.swift; sourceTree = "<group>"; };
		6BA486E0222E3D4800E5AD9D /* AVFoundation.framework */ = {isa = PBXFileReference; lastKnownFileType = wrapper.framework; name = AVFoundation.framework; path = System/Library/Frameworks/AVFoundation.framework; sourceTree = SDKROOT; };
		6BA486E6222E451C00E5AD9D /* Player.swift */ = {isa = PBXFileReference; fileEncoding = 4; lastKnownFileType = sourcecode.swift; path = Player.swift; sourceTree = "<group>"; };
		6BC79E9E2227FB29009EEA9E /* credentials.plist */ = {isa = PBXFileReference; fileEncoding = 4; lastKnownFileType = text.plist.xml; path = credentials.plist; sourceTree = "<group>"; };
		6BD4BF7F225C986A000AEDAE /* abuseViewController.swift */ = {isa = PBXFileReference; lastKnownFileType = sourcecode.swift; path = abuseViewController.swift; sourceTree = "<group>"; };
		6BD4BF81225CB4E2000AEDAE /* NotificationsVC.swift */ = {isa = PBXFileReference; fileEncoding = 4; lastKnownFileType = sourcecode.swift; path = NotificationsVC.swift; sourceTree = "<group>"; };
		6BD4BF82225CB4E3000AEDAE /* NotificationTableCell.swift */ = {isa = PBXFileReference; fileEncoding = 4; lastKnownFileType = sourcecode.swift; path = NotificationTableCell.swift; sourceTree = "<group>"; };
		6BEC0D1D22537660006A9D7F /* songSelectVC.swift */ = {isa = PBXFileReference; lastKnownFileType = sourcecode.swift; path = songSelectVC.swift; sourceTree = "<group>"; };
		6BEC0D1F22538444006A9D7F /* songsTableViewCell.swift */ = {isa = PBXFileReference; lastKnownFileType = sourcecode.swift; path = songsTableViewCell.swift; sourceTree = "<group>"; };
		6BED8C6B225DD863003C4E42 /* commentsViewController.swift */ = {isa = PBXFileReference; lastKnownFileType = sourcecode.swift; path = commentsViewController.swift; sourceTree = "<group>"; };
		6BED8C6D225DDAC0003C4E42 /* commentTableViewCell.swift */ = {isa = PBXFileReference; lastKnownFileType = sourcecode.swift; path = commentTableViewCell.swift; sourceTree = "<group>"; };
		6BED8C6F225DDACD003C4E42 /* commentReplyTableViewCell.swift */ = {isa = PBXFileReference; lastKnownFileType = sourcecode.swift; path = commentReplyTableViewCell.swift; sourceTree = "<group>"; };
		6BF9BEA9226ECA0B0015AAE8 /* songsSearchTableViewCell.swift */ = {isa = PBXFileReference; lastKnownFileType = sourcecode.swift; path = songsSearchTableViewCell.swift; sourceTree = "<group>"; };
		70B7AF7D05085A6ADFCDB1FF /* Pods_tiktokUITests.framework */ = {isa = PBXFileReference; explicitFileType = wrapper.framework; includeInIndex = 0; path = Pods_tiktokUITests.framework; sourceTree = BUILT_PRODUCTS_DIR; };
		9A2833B3E680B615A1064A47 /* Pods_tiktok.framework */ = {isa = PBXFileReference; explicitFileType = wrapper.framework; includeInIndex = 0; path = Pods_tiktok.framework; sourceTree = BUILT_PRODUCTS_DIR; };
		B67E533ABB309204160C4357 /* Pods-tiktokTests.debug.xcconfig */ = {isa = PBXFileReference; includeInIndex = 1; lastKnownFileType = text.xcconfig; name = "Pods-tiktokTests.debug.xcconfig"; path = "Pods/Target Support Files/Pods-tiktokTests/Pods-tiktokTests.debug.xcconfig"; sourceTree = "<group>"; };
		BA7FF8FE532EFBDD0E5DF71A /* Pods-tiktok.debug.xcconfig */ = {isa = PBXFileReference; includeInIndex = 1; lastKnownFileType = text.xcconfig; name = "Pods-tiktok.debug.xcconfig"; path = "Pods/Target Support Files/Pods-tiktok/Pods-tiktok.debug.xcconfig"; sourceTree = "<group>"; };
		C33AF9E5E75A338F7CAF0802 /* Pods-tiktok.release.xcconfig */ = {isa = PBXFileReference; includeInIndex = 1; lastKnownFileType = text.xcconfig; name = "Pods-tiktok.release.xcconfig"; path = "Pods/Target Support Files/Pods-tiktok/Pods-tiktok.release.xcconfig"; sourceTree = "<group>"; };
		E165378C33FDAD3B902A0B0E /* Pods_tiktokTests.framework */ = {isa = PBXFileReference; explicitFileType = wrapper.framework; includeInIndex = 0; path = Pods_tiktokTests.framework; sourceTree = BUILT_PRODUCTS_DIR; };
/* End PBXFileReference section */

/* Begin PBXFrameworksBuildPhase section */
		6B1C836B221A961C001E7166 /* Frameworks */ = {
			isa = PBXFrameworksBuildPhase;
			buildActionMask = 2147483647;
			files = (
				6B1B78F0222EE5C2000725C7 /* Twitter.framework in Frameworks */,
				6BA486E1222E3D4800E5AD9D /* AVFoundation.framework in Frameworks */,
				553924E9AC4547AE2E15C84D /* Pods_tiktok.framework in Frameworks */,
			);
			runOnlyForDeploymentPostprocessing = 0;
		};
		6B1C8382221A961E001E7166 /* Frameworks */ = {
			isa = PBXFrameworksBuildPhase;
			buildActionMask = 2147483647;
			files = (
				E34F938A65981C22EE05F637 /* Pods_tiktokTests.framework in Frameworks */,
			);
			runOnlyForDeploymentPostprocessing = 0;
		};
		6B1C838D221A961E001E7166 /* Frameworks */ = {
			isa = PBXFrameworksBuildPhase;
			buildActionMask = 2147483647;
			files = (
				35F361E82950301E6411AB3A /* Pods_tiktokUITests.framework in Frameworks */,
			);
			runOnlyForDeploymentPostprocessing = 0;
		};
/* End PBXFrameworksBuildPhase section */

/* Begin PBXGroup section */
		6B1C8365221A961C001E7166 = {
			isa = PBXGroup;
			children = (
				6B1C8370221A961C001E7166 /* tiktok */,
				6B1C8388221A961E001E7166 /* tiktokTests */,
				6B1C8393221A961E001E7166 /* tiktokUITests */,
				6B1C836F221A961C001E7166 /* Products */,
				E491C3F4FE6D6465E4757E18 /* Pods */,
				91BA567466D6728A14FCEEFE /* Frameworks */,
			);
			sourceTree = "<group>";
		};
		6B1C836F221A961C001E7166 /* Products */ = {
			isa = PBXGroup;
			children = (
				6B1C836E221A961C001E7166 /* tiktok.app */,
				6B1C8385221A961E001E7166 /* tiktokTests.xctest */,
				6B1C8390221A961E001E7166 /* tiktokUITests.xctest */,
			);
			name = Products;
			sourceTree = "<group>";
		};
		6B1C8370221A961C001E7166 /* tiktok */ = {
			isa = PBXGroup;
			children = (
				6B6AC752224256E500BA1655 /* BottomPopupController */,
				6B1C8371221A961C001E7166 /* AppDelegate.swift */,
				6B18B6292231167400A26009 /* Reachability.swift */,
				3AAF5F43226ED1BF004DA0EE /* PushNotificationsViewController.swift */,
				3AAF5F41226ED1BD004DA0EE /* SettingsTableViewCell.swift */,
				3AAF5F42226ED1BE004DA0EE /* SettingsViewController.swift */,
				6B1C8373221A961C001E7166 /* ViewController.swift */,
				6B10BCB52236321A000C7E24 /* videoViewController.swift */,
				6B182E9E2248F3A70061B5A9 /* myVideoView.swift */,
				6B2A9843225208DB00B5A984 /* audioAndVideosVC.swift */,
				6BEC0D1F22538444006A9D7F /* songsTableViewCell.swift */,
				6B2A98492252219C00B5A984 /* tab1AudioTableViewCell.swift */,
				5E692EB62252160400E37377 /* Tab1VC.swift */,
				6B1024F0225A1F7B006A2853 /* imagesCollectionViewCell.swift */,
				6BEC0D1D22537660006A9D7F /* songSelectVC.swift */,
				5E692EB82252160F00E37377 /* Tab2VC.swift */,
				6B182EA02249FE690061B5A9 /* iOSDevCenters+GIF.swift */,
				6B6AC76322434B3400BA1655 /* AlignedCollectionVC.swift */,
				6B6AC76422434B3400BA1655 /* AlignedCollectionViewCell.swift */,
				6B6286AA2240F33600400C0D /* videoPreviewViewController.swift */,
				6B132D372260588B00553E05 /* videoUploadAndTagsVC.swift */,
				6B1C83DA221AABF9001E7166 /* homeTabViewController.swift */,
				6B1C83E2221BDB24001E7166 /* MyTabBarController.swift */,
				6B1C841F221D588E001E7166 /* signupVC.swift */,
				6B1C22A1222FC88F007CD79D /* signupPhoneNumData.swift */,
				6B18B62B223132EC00A26009 /* headerCollectionReusableView.swift */,
				6B1C8425221E5D6B001E7166 /* otpViewController.swift */,
				6B0EEC9C2240B8FE00515F93 /* otpCodableClass.swift */,
				6B2AF7D52227BEF400448CC0 /* CreatePasswordViewController.swift */,
				6B2AF7D42227BEF400448CC0 /* LogInViewController.swift */,
				6B6FBC86222E81C80093D989 /* mobileLoginVC.swift */,
				6B2AF7D62227BEF400448CC0 /* SignUpWithMobileViewController.swift */,
				6BA486E6222E451C00E5AD9D /* Player.swift */,
				6B1346C62238E61000CF025C /* DefaultsHelper.swift */,
				6B0FAD7322284F91002E8B1C /* signupWithEmailVC.swift */,
				6B66E80522325F7F0089732F /* profileNavViewController.swift */,
				6B6FBC88222E84C00093D989 /* forgotPasswordViewController.swift */,
				6B2AF7DA2227C72900448CC0 /* UtilitiesClass.swift */,
				6B0EEC9A2240B00300515F93 /* urlsClass.swift */,
				6B0FAF93222930FF002E8B1C /* countryTableViewCell.swift */,
				6B1C229D222F854A007CD79D /* meViewController.swift */,
				6B6AC750224253DC00BA1655 /* filterPopViewController.swift */,
				6B182E962248F3390061B5A9 /* Capture.swift */,
				6B182E902248F3380061B5A9 /* CaptureError.swift */,
				6B182E912248F3380061B5A9 /* Composer.swift */,
				6B182E932248F3390061B5A9 /* FilterCamViewController.swift */,
				6B182E942248F3390061B5A9 /* FrameRateCalculator.swift */,
				6B182E922248F3380061B5A9 /* Recorder.swift */,
				6B182E952248F3390061B5A9 /* RecorderError.swift */,
				6B15A416224CB2AE002C8B28 /* DiscoverVC.swift */,
				5E692EAE2251DA6D00E37377 /* TrendingCell.swift */,
				6B1384702268D76E00BBDF01 /* trendingTableCell2.swift */,
				6B15A417224CB2AF002C8B28 /* FirstCollectionViewCell.swift */,
				6B15A418224CB2AF002C8B28 /* TrendingCollectionCell.swift */,
				6BD4BF7F225C986A000AEDAE /* abuseViewController.swift */,
				6BD4BF81225CB4E2000AEDAE /* NotificationsVC.swift */,
				6BD4BF82225CB4E3000AEDAE /* NotificationTableCell.swift */,
				6BED8C6B225DD863003C4E42 /* commentsViewController.swift */,
				6BED8C6D225DDAC0003C4E42 /* commentTableViewCell.swift */,
				6BED8C6F225DDACD003C4E42 /* commentReplyTableViewCell.swift */,
				6B553CD5225F129500D6FE67 /* BRCircularProgressView.swift */,
				6B132D392260B68500553E05 /* editProfileVC.swift */,
				6B1667E7226316FB00EF8853 /* DiscoverViewController.swift */,
				6B138464226636CF00BBDF01 /* profileSearchVC.swift */,
				6B138466226638B200BBDF01 /* hashTagsVC.swift */,
				6B138467226638B200BBDF01 /* songsPageVc.swift */,
				6BF9BEA9226ECA0B0015AAE8 /* songsSearchTableViewCell.swift */,
				6B138468226638B300BBDF01 /* usersVC.swift */,
				6B41048E226DE2E00041C18A /* usersSearchTableViewCell.swift */,
				6B13846C2268534C00BBDF01 /* videoPreviewPlayVC.swift */,
				6B13846E2268927700BBDF01 /* videosCollectionPreviewVC.swift */,
				6B217D422269AAEE00B12A18 /* videosByHashTagViewController.swift */,
				6B217D442269ABA000B12A18 /* videosByHahsCollectionViewCell.swift */,
				6B217D462269E93000B12A18 /* favouritesVC.swift */,
				6B217D48226B275D00B12A18 /* videosPage.swift */,
				6B217D52226B296000B12A18 /* videopageCollectionViewCell.swift */,
				6B217D4A226B277400B12A18 /* soundPage.swift */,
				6B217D4C226B278D00B12A18 /* hashTagsPage.swift */,
				6B10EE13226F2D7C009B5813 /* ExampleNavigationController.swift */,
				6B8EB1462276B054005BB47F /* songDesignVC.swift */,
				6B8EB1482276BF7C005BB47F /* songDesignCollectionViewCell.swift */,
				6B8EB15E227708E8005BB47F /* songsSectionCollectionViewCell.swift */,
				6B8EB1602277090F005BB47F /* songsSectionTableViewCell.swift */,
				6B182EA22249FED80061B5A9 /* loader.gif */,
				6B13845C2265A1BD00BBDF01 /* dummyImg.jpg */,
				6B8EB14A2276DD98005BB47F /* Sources */,
				6B0FAD9A22292D5F002E8B1C /* country.json */,
				6B1C8375221A961C001E7166 /* Main.storyboard */,
				6B1C8422221D6CA9001E7166 /* profileRelated */,
				6B1C8421221D6C74001E7166 /* icons */,
				6B1C837B221A961E001E7166 /* Assets.xcassets */,
				6B1C837D221A961E001E7166 /* LaunchScreen.storyboard */,
				6B1C8380221A961E001E7166 /* Info.plist */,
				6B1C8378221A961C001E7166 /* tiktok.xcdatamodeld */,
			);
			path = tiktok;
			sourceTree = "<group>";
		};
		6B1C8388221A961E001E7166 /* tiktokTests */ = {
			isa = PBXGroup;
			children = (
				6B1C8389221A961E001E7166 /* tiktokTests.swift */,
				6B1C838B221A961E001E7166 /* Info.plist */,
			);
			path = tiktokTests;
			sourceTree = "<group>";
		};
		6B1C8393221A961E001E7166 /* tiktokUITests */ = {
			isa = PBXGroup;
			children = (
				6B1C8394221A961E001E7166 /* tiktokUITests.swift */,
				6B1C8396221A961E001E7166 /* Info.plist */,
			);
			path = tiktokUITests;
			sourceTree = "<group>";
		};
		6B1C8421221D6C74001E7166 /* icons */ = {
			isa = PBXGroup;
			children = (
				3A4B00EC221AC77600702FB4 /* dalibor.jpg */,
				6B1C83EE221C1D0E001E7166 /* 1.png */,
				6B1C83EF221C1D0F001E7166 /* 2.png */,
				6B1C83F0221C1D0F001E7166 /* 3.png */,
				6B1C83F1221C1D10001E7166 /* 4.jpeg */,
				6B1C83E9221C1AEA001E7166 /* 0d8136205e0742312c6fbbff0a225de7.jpg */,
				6B1C83E8221C1AE9001E7166 /* d91209340bdc005936c46323a62caaff.png */,
				6B1C83E6221C1AE8001E7166 /* download.png */,
				6B1C83E7221C1AE9001E7166 /* graphics-png-1.png */,
				3A4B00EE221AC8C000702FB4 /* lovered.png */,
				6B1C83A2221AA234001E7166 /* khema-tsod-ctl-2017.jpg */,
				3A4B00EA221ABC1700702FB4 /* icons.png */,
			);
			path = icons;
			sourceTree = "<group>";
		};
		6B1C8422221D6CA9001E7166 /* profileRelated */ = {
			isa = PBXGroup;
			children = (
				6B1C83E4221C17B6001E7166 /* profileVideosCollectionViewCell.swift */,
				3A4B00F0221ACED700702FB4 /* ProfileViewController.swift */,
				3A7675662225480200DF9254 /* ProfileClickViewController.swift */,
			);
			path = profileRelated;
			sourceTree = "<group>";
		};
		6B6AC752224256E500BA1655 /* BottomPopupController */ = {
			isa = PBXGroup;
			children = (
				6B6AC753224256E500BA1655 /* BottomPopupUtils.swift */,
				6B6AC754224256E500BA1655 /* BottomPopupViewController.swift */,
				6B6AC755224256E500BA1655 /* BottomPopupDismissInteractionController.swift */,
				6B6AC756224256E500BA1655 /* BottomPopupNavigationController.swift */,
				6B6AC757224256E500BA1655 /* BottomPopupDismissAnimator.swift */,
				6B6AC758224256E500BA1655 /* BottomPopupPresentAnimator.swift */,
				6B6AC759224256E500BA1655 /* BottomPopupTransitionHandler.swift */,
				6B6AC75A224256E500BA1655 /* BottomPopupPresentationController.swift */,
			);
			path = BottomPopupController;
			sourceTree = "<group>";
		};
		6B8EB14A2276DD98005BB47F /* Sources */ = {
			isa = PBXGroup;
			children = (
				6B8EB14B2276DD98005BB47F /* FSPagerView.swift */,
				6B8EB14C2276DD98005BB47F /* FSPageViewTransformer.swift */,
				6B8EB14D2276DD98005BB47F /* FSPagerViewObjcCompat.h */,
				6B8EB14E2276DD98005BB47F /* FSPagerViewCell.swift */,
				6B8EB14F2276DD98005BB47F /* FSPagerViewLayoutAttributes.swift */,
				6B8EB1502276DD98005BB47F /* FSPageViewLayout.swift */,
				6B8EB1512276DD98005BB47F /* FSPageControl.swift */,
				6B8EB1522276DD98005BB47F /* FSPagerViewObjcCompat.m */,
				6B8EB1532276DD98005BB47F /* FSPagerCollectionView.swift */,
			);
			path = Sources;
			sourceTree = "<group>";
		};
		91BA567466D6728A14FCEEFE /* Frameworks */ = {
			isa = PBXGroup;
			children = (
				6B1B78EF222EE5C2000725C7 /* Twitter.framework */,
				6BA486E0222E3D4800E5AD9D /* AVFoundation.framework */,
				6BC79E9E2227FB29009EEA9E /* credentials.plist */,
				9A2833B3E680B615A1064A47 /* Pods_tiktok.framework */,
				E165378C33FDAD3B902A0B0E /* Pods_tiktokTests.framework */,
				70B7AF7D05085A6ADFCDB1FF /* Pods_tiktokUITests.framework */,
			);
			name = Frameworks;
			sourceTree = "<group>";
		};
		E491C3F4FE6D6465E4757E18 /* Pods */ = {
			isa = PBXGroup;
			children = (
				BA7FF8FE532EFBDD0E5DF71A /* Pods-tiktok.debug.xcconfig */,
				C33AF9E5E75A338F7CAF0802 /* Pods-tiktok.release.xcconfig */,
				B67E533ABB309204160C4357 /* Pods-tiktokTests.debug.xcconfig */,
				0E8089E63B1C7931B1F2C363 /* Pods-tiktokTests.release.xcconfig */,
				2A3DD5DD5E8E0F28594EB560 /* Pods-tiktokUITests.debug.xcconfig */,
				1EAADC32711315752DF185B2 /* Pods-tiktokUITests.release.xcconfig */,
			);
			name = Pods;
			sourceTree = "<group>";
		};
/* End PBXGroup section */

/* Begin PBXNativeTarget section */
		6B1C836D221A961C001E7166 /* tiktok */ = {
			isa = PBXNativeTarget;
			buildConfigurationList = 6B1C8399221A961E001E7166 /* Build configuration list for PBXNativeTarget "tiktok" */;
			buildPhases = (
				7744461F34E24CD1D2EA8603 /* [CP] Check Pods Manifest.lock */,
				6B1C836A221A961C001E7166 /* Sources */,
				6B1C836B221A961C001E7166 /* Frameworks */,
				6B1C836C221A961C001E7166 /* Resources */,
				53AC576989DB341512313BBF /* [CP] Embed Pods Frameworks */,
				DD36CC897376BDE00121300B /* [CP] Copy Pods Resources */,
			);
			buildRules = (
			);
			dependencies = (
			);
			name = tiktok;
			productName = tiktok;
			productReference = 6B1C836E221A961C001E7166 /* tiktok.app */;
			productType = "com.apple.product-type.application";
		};
		6B1C8384221A961E001E7166 /* tiktokTests */ = {
			isa = PBXNativeTarget;
			buildConfigurationList = 6B1C839C221A961E001E7166 /* Build configuration list for PBXNativeTarget "tiktokTests" */;
			buildPhases = (
				03D48AD070885CA56BF46924 /* [CP] Check Pods Manifest.lock */,
				6B1C8381221A961E001E7166 /* Sources */,
				6B1C8382221A961E001E7166 /* Frameworks */,
				6B1C8383221A961E001E7166 /* Resources */,
			);
			buildRules = (
			);
			dependencies = (
				6B1C8387221A961E001E7166 /* PBXTargetDependency */,
			);
			name = tiktokTests;
			productName = tiktokTests;
			productReference = 6B1C8385221A961E001E7166 /* tiktokTests.xctest */;
			productType = "com.apple.product-type.bundle.unit-test";
		};
		6B1C838F221A961E001E7166 /* tiktokUITests */ = {
			isa = PBXNativeTarget;
			buildConfigurationList = 6B1C839F221A961E001E7166 /* Build configuration list for PBXNativeTarget "tiktokUITests" */;
			buildPhases = (
				23125025CFCB0855541DFE45 /* [CP] Check Pods Manifest.lock */,
				6B1C838C221A961E001E7166 /* Sources */,
				6B1C838D221A961E001E7166 /* Frameworks */,
				6B1C838E221A961E001E7166 /* Resources */,
			);
			buildRules = (
			);
			dependencies = (
				6B1C8392221A961E001E7166 /* PBXTargetDependency */,
			);
			name = tiktokUITests;
			productName = tiktokUITests;
			productReference = 6B1C8390221A961E001E7166 /* tiktokUITests.xctest */;
			productType = "com.apple.product-type.bundle.ui-testing";
		};
/* End PBXNativeTarget section */

/* Begin PBXProject section */
		6B1C8366221A961C001E7166 /* Project object */ = {
			isa = PBXProject;
			attributes = {
				LastSwiftUpdateCheck = 1010;
				LastUpgradeCheck = 1010;
				ORGANIZATIONNAME = "Bharat shankar";
				TargetAttributes = {
					6B1C836D221A961C001E7166 = {
						CreatedOnToolsVersion = 10.1;
					};
					6B1C8384221A961E001E7166 = {
						CreatedOnToolsVersion = 10.1;
						TestTargetID = 6B1C836D221A961C001E7166;
					};
					6B1C838F221A961E001E7166 = {
						CreatedOnToolsVersion = 10.1;
						TestTargetID = 6B1C836D221A961C001E7166;
					};
				};
			};
			buildConfigurationList = 6B1C8369221A961C001E7166 /* Build configuration list for PBXProject "tiktok" */;
			compatibilityVersion = "Xcode 9.3";
			developmentRegion = en;
			hasScannedForEncodings = 0;
			knownRegions = (
				en,
				Base,
			);
			mainGroup = 6B1C8365221A961C001E7166;
			productRefGroup = 6B1C836F221A961C001E7166 /* Products */;
			projectDirPath = "";
			projectRoot = "";
			targets = (
				6B1C836D221A961C001E7166 /* tiktok */,
				6B1C8384221A961E001E7166 /* tiktokTests */,
				6B1C838F221A961E001E7166 /* tiktokUITests */,
			);
		};
/* End PBXProject section */

/* Begin PBXResourcesBuildPhase section */
		6B1C836C221A961C001E7166 /* Resources */ = {
			isa = PBXResourcesBuildPhase;
			buildActionMask = 2147483647;
			files = (
				6B1C83F3221C1D10001E7166 /* 2.png in Resources */,
				6B1C837F221A961E001E7166 /* LaunchScreen.storyboard in Resources */,
				3A4B00EB221ABC1700702FB4 /* icons.png in Resources */,
				6B1C83EC221C1AEA001E7166 /* d91209340bdc005936c46323a62caaff.png in Resources */,
				6B1C837C221A961E001E7166 /* Assets.xcassets in Resources */,
				6B1C83F4221C1D10001E7166 /* 3.png in Resources */,
				6B0FAD9B22292D5F002E8B1C /* country.json in Resources */,
				6B1C83EB221C1AEA001E7166 /* graphics-png-1.png in Resources */,
				6B1C83A3221AA234001E7166 /* khema-tsod-ctl-2017.jpg in Resources */,
				6B182EA32249FEDC0061B5A9 /* loader.gif in Resources */,
				3A4B00EF221AC8C100702FB4 /* lovered.png in Resources */,
				6BC79E9F2227FB29009EEA9E /* credentials.plist in Resources */,
				6B1C8377221A961C001E7166 /* Main.storyboard in Resources */,
				6B1C83F5221C1D10001E7166 /* 4.jpeg in Resources */,
				6B1C83ED221C1AEA001E7166 /* 0d8136205e0742312c6fbbff0a225de7.jpg in Resources */,
				6B13845D2265A1BF00BBDF01 /* dummyImg.jpg in Resources */,
				6B1C83F2221C1D10001E7166 /* 1.png in Resources */,
				3A4B00ED221AC77700702FB4 /* dalibor.jpg in Resources */,
				6B1C83EA221C1AEA001E7166 /* download.png in Resources */,
			);
			runOnlyForDeploymentPostprocessing = 0;
		};
		6B1C8383221A961E001E7166 /* Resources */ = {
			isa = PBXResourcesBuildPhase;
			buildActionMask = 2147483647;
			files = (
			);
			runOnlyForDeploymentPostprocessing = 0;
		};
		6B1C838E221A961E001E7166 /* Resources */ = {
			isa = PBXResourcesBuildPhase;
			buildActionMask = 2147483647;
			files = (
			);
			runOnlyForDeploymentPostprocessing = 0;
		};
/* End PBXResourcesBuildPhase section */

/* Begin PBXShellScriptBuildPhase section */
		03D48AD070885CA56BF46924 /* [CP] Check Pods Manifest.lock */ = {
			isa = PBXShellScriptBuildPhase;
			buildActionMask = 2147483647;
			files = (
			);
			inputPaths = (
				"${PODS_PODFILE_DIR_PATH}/Podfile.lock",
				"${PODS_ROOT}/Manifest.lock",
			);
			name = "[CP] Check Pods Manifest.lock";
			outputPaths = (
				"$(DERIVED_FILE_DIR)/Pods-tiktokTests-checkManifestLockResult.txt",
			);
			runOnlyForDeploymentPostprocessing = 0;
			shellPath = /bin/sh;
			shellScript = "diff \"${PODS_PODFILE_DIR_PATH}/Podfile.lock\" \"${PODS_ROOT}/Manifest.lock\" > /dev/null\nif [ $? != 0 ] ; then\n    # print error to STDERR\n    echo \"error: The sandbox is not in sync with the Podfile.lock. Run 'pod install' or update your CocoaPods installation.\" >&2\n    exit 1\nfi\n# This output is used by Xcode 'outputs' to avoid re-running this script phase.\necho \"SUCCESS\" > \"${SCRIPT_OUTPUT_FILE_0}\"\n";
			showEnvVarsInLog = 0;
		};
		23125025CFCB0855541DFE45 /* [CP] Check Pods Manifest.lock */ = {
			isa = PBXShellScriptBuildPhase;
			buildActionMask = 2147483647;
			files = (
			);
			inputPaths = (
				"${PODS_PODFILE_DIR_PATH}/Podfile.lock",
				"${PODS_ROOT}/Manifest.lock",
			);
			name = "[CP] Check Pods Manifest.lock";
			outputPaths = (
				"$(DERIVED_FILE_DIR)/Pods-tiktokUITests-checkManifestLockResult.txt",
			);
			runOnlyForDeploymentPostprocessing = 0;
			shellPath = /bin/sh;
			shellScript = "diff \"${PODS_PODFILE_DIR_PATH}/Podfile.lock\" \"${PODS_ROOT}/Manifest.lock\" > /dev/null\nif [ $? != 0 ] ; then\n    # print error to STDERR\n    echo \"error: The sandbox is not in sync with the Podfile.lock. Run 'pod install' or update your CocoaPods installation.\" >&2\n    exit 1\nfi\n# This output is used by Xcode 'outputs' to avoid re-running this script phase.\necho \"SUCCESS\" > \"${SCRIPT_OUTPUT_FILE_0}\"\n";
			showEnvVarsInLog = 0;
		};
		53AC576989DB341512313BBF /* [CP] Embed Pods Frameworks */ = {
			isa = PBXShellScriptBuildPhase;
			buildActionMask = 2147483647;
			files = (
			);
			inputPaths = (
				"${SRCROOT}/Pods/Target Support Files/Pods-tiktok/Pods-tiktok-frameworks.sh",
				"${BUILT_PRODUCTS_DIR}/Alamofire/Alamofire.framework",
				"${BUILT_PRODUCTS_DIR}/AlignedCollectionViewFlowLayout/AlignedCollectionViewFlowLayout.framework",
				"${BUILT_PRODUCTS_DIR}/Bolts/Bolts.framework",
				"${BUILT_PRODUCTS_DIR}/CameraManager/CameraManager.framework",
				"${BUILT_PRODUCTS_DIR}/FBSDKCoreKit/FBSDKCoreKit.framework",
				"${BUILT_PRODUCTS_DIR}/FBSDKLoginKit/FBSDKLoginKit.framework",
				"${BUILT_PRODUCTS_DIR}/FBSDKShareKit/FBSDKShareKit.framework",
				"${BUILT_PRODUCTS_DIR}/FLAnimatedImage/FLAnimatedImage.framework",
				"${BUILT_PRODUCTS_DIR}/FacebookCore/FacebookCore.framework",
				"${BUILT_PRODUCTS_DIR}/FacebookLogin/FacebookLogin.framework",
				"${BUILT_PRODUCTS_DIR}/FacebookShare/FacebookShare.framework",
				"${BUILT_PRODUCTS_DIR}/GTMSessionFetcher/GTMSessionFetcher.framework",
				"${BUILT_PRODUCTS_DIR}/GoogleToolboxForMac/GoogleToolboxForMac.framework",
				"${BUILT_PRODUCTS_DIR}/GoogleUtilities/GoogleUtilities.framework",
				"${BUILT_PRODUCTS_DIR}/IQKeyboardManagerSwift/IQKeyboardManagerSwift.framework",
				"${BUILT_PRODUCTS_DIR}/MBProgressHUD/MBProgressHUD.framework",
				"${BUILT_PRODUCTS_DIR}/SDWebImage/SDWebImage.framework",
				"${BUILT_PRODUCTS_DIR}/Toast-Swift/Toast_Swift.framework",
				"${PODS_ROOT}/TwitterCore/iOS/TwitterCore.framework",
				"${PODS_ROOT}/TwitterKit/iOS/TwitterKit.framework",
				"${BUILT_PRODUCTS_DIR}/nanopb/nanopb.framework",
			);
			name = "[CP] Embed Pods Frameworks";
			outputPaths = (
				"${TARGET_BUILD_DIR}/${FRAMEWORKS_FOLDER_PATH}/Alamofire.framework",
				"${TARGET_BUILD_DIR}/${FRAMEWORKS_FOLDER_PATH}/AlignedCollectionViewFlowLayout.framework",
				"${TARGET_BUILD_DIR}/${FRAMEWORKS_FOLDER_PATH}/Bolts.framework",
				"${TARGET_BUILD_DIR}/${FRAMEWORKS_FOLDER_PATH}/CameraManager.framework",
				"${TARGET_BUILD_DIR}/${FRAMEWORKS_FOLDER_PATH}/FBSDKCoreKit.framework",
				"${TARGET_BUILD_DIR}/${FRAMEWORKS_FOLDER_PATH}/FBSDKLoginKit.framework",
				"${TARGET_BUILD_DIR}/${FRAMEWORKS_FOLDER_PATH}/FBSDKShareKit.framework",
				"${TARGET_BUILD_DIR}/${FRAMEWORKS_FOLDER_PATH}/FLAnimatedImage.framework",
				"${TARGET_BUILD_DIR}/${FRAMEWORKS_FOLDER_PATH}/FacebookCore.framework",
				"${TARGET_BUILD_DIR}/${FRAMEWORKS_FOLDER_PATH}/FacebookLogin.framework",
				"${TARGET_BUILD_DIR}/${FRAMEWORKS_FOLDER_PATH}/FacebookShare.framework",
				"${TARGET_BUILD_DIR}/${FRAMEWORKS_FOLDER_PATH}/GTMSessionFetcher.framework",
				"${TARGET_BUILD_DIR}/${FRAMEWORKS_FOLDER_PATH}/GoogleToolboxForMac.framework",
				"${TARGET_BUILD_DIR}/${FRAMEWORKS_FOLDER_PATH}/GoogleUtilities.framework",
				"${TARGET_BUILD_DIR}/${FRAMEWORKS_FOLDER_PATH}/IQKeyboardManagerSwift.framework",
				"${TARGET_BUILD_DIR}/${FRAMEWORKS_FOLDER_PATH}/MBProgressHUD.framework",
				"${TARGET_BUILD_DIR}/${FRAMEWORKS_FOLDER_PATH}/SDWebImage.framework",
				"${TARGET_BUILD_DIR}/${FRAMEWORKS_FOLDER_PATH}/Toast_Swift.framework",
				"${TARGET_BUILD_DIR}/${FRAMEWORKS_FOLDER_PATH}/TwitterCore.framework",
				"${TARGET_BUILD_DIR}/${FRAMEWORKS_FOLDER_PATH}/TwitterKit.framework",
				"${TARGET_BUILD_DIR}/${FRAMEWORKS_FOLDER_PATH}/nanopb.framework",
			);
			runOnlyForDeploymentPostprocessing = 0;
			shellPath = /bin/sh;
			shellScript = "\"${SRCROOT}/Pods/Target Support Files/Pods-tiktok/Pods-tiktok-frameworks.sh\"\n";
			showEnvVarsInLog = 0;
		};
		7744461F34E24CD1D2EA8603 /* [CP] Check Pods Manifest.lock */ = {
			isa = PBXShellScriptBuildPhase;
			buildActionMask = 2147483647;
			files = (
			);
			inputPaths = (
				"${PODS_PODFILE_DIR_PATH}/Podfile.lock",
				"${PODS_ROOT}/Manifest.lock",
			);
			name = "[CP] Check Pods Manifest.lock";
			outputPaths = (
				"$(DERIVED_FILE_DIR)/Pods-tiktok-checkManifestLockResult.txt",
			);
			runOnlyForDeploymentPostprocessing = 0;
			shellPath = /bin/sh;
			shellScript = "diff \"${PODS_PODFILE_DIR_PATH}/Podfile.lock\" \"${PODS_ROOT}/Manifest.lock\" > /dev/null\nif [ $? != 0 ] ; then\n    # print error to STDERR\n    echo \"error: The sandbox is not in sync with the Podfile.lock. Run 'pod install' or update your CocoaPods installation.\" >&2\n    exit 1\nfi\n# This output is used by Xcode 'outputs' to avoid re-running this script phase.\necho \"SUCCESS\" > \"${SCRIPT_OUTPUT_FILE_0}\"\n";
			showEnvVarsInLog = 0;
		};
		DD36CC897376BDE00121300B /* [CP] Copy Pods Resources */ = {
			isa = PBXShellScriptBuildPhase;
			buildActionMask = 2147483647;
			files = (
			);
			inputPaths = (
				"${SRCROOT}/Pods/Target Support Files/Pods-tiktok/Pods-tiktok-resources.sh",
				"${PODS_ROOT}/GoogleMaps/Maps/Frameworks/GoogleMaps.framework/Resources/GoogleMaps.bundle",
				"${PODS_ROOT}/GooglePlacePicker/Frameworks/GooglePlacePicker.framework/Resources/GooglePlacePicker.bundle",
				"${PODS_ROOT}/GooglePlaces/Frameworks/GooglePlaces.framework/Resources/GooglePlaces.bundle",
				"${PODS_ROOT}/GoogleSignIn/Resources/GoogleSignIn.bundle",
				"${PODS_ROOT}/TwitterKit/iOS/TwitterKit.framework/TwitterKitResources.bundle",
			);
			name = "[CP] Copy Pods Resources";
			outputPaths = (
				"${TARGET_BUILD_DIR}/${UNLOCALIZED_RESOURCES_FOLDER_PATH}/GoogleMaps.bundle",
				"${TARGET_BUILD_DIR}/${UNLOCALIZED_RESOURCES_FOLDER_PATH}/GooglePlacePicker.bundle",
				"${TARGET_BUILD_DIR}/${UNLOCALIZED_RESOURCES_FOLDER_PATH}/GooglePlaces.bundle",
				"${TARGET_BUILD_DIR}/${UNLOCALIZED_RESOURCES_FOLDER_PATH}/GoogleSignIn.bundle",
				"${TARGET_BUILD_DIR}/${UNLOCALIZED_RESOURCES_FOLDER_PATH}/TwitterKitResources.bundle",
			);
			runOnlyForDeploymentPostprocessing = 0;
			shellPath = /bin/sh;
			shellScript = "\"${SRCROOT}/Pods/Target Support Files/Pods-tiktok/Pods-tiktok-resources.sh\"\n";
			showEnvVarsInLog = 0;
		};
/* End PBXShellScriptBuildPhase section */

/* Begin PBXSourcesBuildPhase section */
		6B1C836A221A961C001E7166 /* Sources */ = {
			isa = PBXSourcesBuildPhase;
			buildActionMask = 2147483647;
			files = (
				6B6AC76522434B3400BA1655 /* AlignedCollectionVC.swift in Sources */,
				5E692EB92252160F00E37377 /* Tab2VC.swift in Sources */,
				6B8EB1562276DD98005BB47F /* FSPagerViewCell.swift in Sources */,
				6B15A419224CB2AF002C8B28 /* DiscoverVC.swift in Sources */,
				6B1C8420221D588E001E7166 /* signupVC.swift in Sources */,
				5E692EAF2251DA6D00E37377 /* TrendingCell.swift in Sources */,
				6B1C8374221A961C001E7166 /* ViewController.swift in Sources */,
				6B6AC75C224256E500BA1655 /* BottomPopupViewController.swift in Sources */,
				6B138469226638B300BBDF01 /* hashTagsVC.swift in Sources */,
				6B18B62C223132EC00A26009 /* headerCollectionReusableView.swift in Sources */,
				6B2AF7D72227BEF400448CC0 /* LogInViewController.swift in Sources */,
				6B1667E8226316FB00EF8853 /* DiscoverViewController.swift in Sources */,
				6B182E9A2248F33A0061B5A9 /* FilterCamViewController.swift in Sources */,
				3A7675672225480200DF9254 /* ProfileClickViewController.swift in Sources */,
				6B182E972248F33A0061B5A9 /* CaptureError.swift in Sources */,
				6B13846D2268534C00BBDF01 /* videoPreviewPlayVC.swift in Sources */,
				6B41048F226DE2E00041C18A /* usersSearchTableViewCell.swift in Sources */,
				6B8EB15B2276DD98005BB47F /* FSPagerCollectionView.swift in Sources */,
				6B15A41B224CB2AF002C8B28 /* TrendingCollectionCell.swift in Sources */,
				6BD4BF83225CB4E3000AEDAE /* NotificationsVC.swift in Sources */,
				6BD4BF80225C986A000AEDAE /* abuseViewController.swift in Sources */,
				6B1346C72238E61000CF025C /* DefaultsHelper.swift in Sources */,
				6B13846F2268927700BBDF01 /* videosCollectionPreviewVC.swift in Sources */,
				6B217D49226B275D00B12A18 /* videosPage.swift in Sources */,
				6B132D382260588B00553E05 /* videoUploadAndTagsVC.swift in Sources */,
				6B6AC75E224256E500BA1655 /* BottomPopupNavigationController.swift in Sources */,
				6B1C83DB221AABF9001E7166 /* homeTabViewController.swift in Sources */,
				6B553CD6225F129500D6FE67 /* BRCircularProgressView.swift in Sources */,
				6B8EB1612277090F005BB47F /* songsSectionTableViewCell.swift in Sources */,
				6B217D53226B296000B12A18 /* videopageCollectionViewCell.swift in Sources */,
				6B13846A226638B300BBDF01 /* songsPageVc.swift in Sources */,
				6B182E982248F33A0061B5A9 /* Composer.swift in Sources */,
				6B66E80622325F7F0089732F /* profileNavViewController.swift in Sources */,
				6B138465226636CF00BBDF01 /* profileSearchVC.swift in Sources */,
				6B0FAD7422284F91002E8B1C /* signupWithEmailVC.swift in Sources */,
				6B6AC75B224256E500BA1655 /* BottomPopupUtils.swift in Sources */,
				6B0EEC9B2240B00300515F93 /* urlsClass.swift in Sources */,
				6B6FBC89222E84C00093D989 /* forgotPasswordViewController.swift in Sources */,
				6B182E9B2248F33A0061B5A9 /* FrameRateCalculator.swift in Sources */,
				6BEC0D1E22537660006A9D7F /* songSelectVC.swift in Sources */,
				6B1C83E5221C17B6001E7166 /* profileVideosCollectionViewCell.swift in Sources */,
				6B1C8426221E5D6B001E7166 /* otpViewController.swift in Sources */,
				6BED8C6E225DDAC0003C4E42 /* commentTableViewCell.swift in Sources */,
				6BED8C6C225DD863003C4E42 /* commentsViewController.swift in Sources */,
				6B8EB1582276DD98005BB47F /* FSPageViewLayout.swift in Sources */,
				6BED8C70225DDACD003C4E42 /* commentReplyTableViewCell.swift in Sources */,
				6B6AC760224256E500BA1655 /* BottomPopupPresentAnimator.swift in Sources */,
				6B182E9D2248F33A0061B5A9 /* Capture.swift in Sources */,
				3AAF5F44226ED1BF004DA0EE /* SettingsTableViewCell.swift in Sources */,
				6B13846B226638B300BBDF01 /* usersVC.swift in Sources */,
				6B6FBC87222E81C80093D989 /* mobileLoginVC.swift in Sources */,
				6BF9BEAA226ECA0B0015AAE8 /* songsSearchTableViewCell.swift in Sources */,
				6B182EA12249FE6A0061B5A9 /* iOSDevCenters+GIF.swift in Sources */,
				6B1024F1225A1F7B006A2853 /* imagesCollectionViewCell.swift in Sources */,
				6B2AF7D92227BEF400448CC0 /* SignUpWithMobileViewController.swift in Sources */,
				6B217D472269E93000B12A18 /* favouritesVC.swift in Sources */,
				6B15A41A224CB2AF002C8B28 /* FirstCollectionViewCell.swift in Sources */,
				6B2AF7D82227BEF400448CC0 /* CreatePasswordViewController.swift in Sources */,
				6B6AC76622434B3400BA1655 /* AlignedCollectionViewCell.swift in Sources */,
				6B1384712268D76F00BBDF01 /* trendingTableCell2.swift in Sources */,
				6B217D432269AAEE00B12A18 /* videosByHashTagViewController.swift in Sources */,
				6B6AC761224256E500BA1655 /* BottomPopupTransitionHandler.swift in Sources */,
				3A4B00F1221ACED700702FB4 /* ProfileViewController.swift in Sources */,
				6B1C8372221A961C001E7166 /* AppDelegate.swift in Sources */,
				6B217D4B226B277400B12A18 /* soundPage.swift in Sources */,
				6B8EB1592276DD98005BB47F /* FSPageControl.swift in Sources */,
				6B6AC75F224256E500BA1655 /* BottomPopupDismissAnimator.swift in Sources */,
				3AAF5F46226ED1BF004DA0EE /* PushNotificationsViewController.swift in Sources */,
				6B1C229E222F854A007CD79D /* meViewController.swift in Sources */,
				6B0EEC9D2240B8FE00515F93 /* otpCodableClass.swift in Sources */,
				6B8EB15A2276DD98005BB47F /* FSPagerViewObjcCompat.m in Sources */,
				6B1C22A2222FC88F007CD79D /* signupPhoneNumData.swift in Sources */,
				6B2A9844225208DB00B5A984 /* audioAndVideosVC.swift in Sources */,
				6B6AC762224256E500BA1655 /* BottomPopupPresentationController.swift in Sources */,
				6B8EB1552276DD98005BB47F /* FSPageViewTransformer.swift in Sources */,
				6B0FAF94222930FF002E8B1C /* countryTableViewCell.swift in Sources */,
				6B8EB1492276BF7C005BB47F /* songDesignCollectionViewCell.swift in Sources */,
				6B182E9F2248F3A70061B5A9 /* myVideoView.swift in Sources */,
				6B10BCB62236321A000C7E24 /* videoViewController.swift in Sources */,
				6B6AC75D224256E500BA1655 /* BottomPopupDismissInteractionController.swift in Sources */,
				6B1C837A221A961C001E7166 /* tiktok.xcdatamodeld in Sources */,
				6B8EB1572276DD98005BB47F /* FSPagerViewLayoutAttributes.swift in Sources */,
				6BEC0D2022538444006A9D7F /* songsTableViewCell.swift in Sources */,
				6B18B62A2231167400A26009 /* Reachability.swift in Sources */,
				6B1C83E3221BDB24001E7166 /* MyTabBarController.swift in Sources */,
				6B8EB1542276DD98005BB47F /* FSPagerView.swift in Sources */,
				6B182E992248F33A0061B5A9 /* Recorder.swift in Sources */,
				6B132D3A2260B68500553E05 /* editProfileVC.swift in Sources */,
				6B6AC751224253DC00BA1655 /* filterPopViewController.swift in Sources */,
				6BD4BF84225CB4E3000AEDAE /* NotificationTableCell.swift in Sources */,
				3AAF5F45226ED1BF004DA0EE /* SettingsViewController.swift in Sources */,
				6B217D4D226B278D00B12A18 /* hashTagsPage.swift in Sources */,
				6B2A984A2252219C00B5A984 /* tab1AudioTableViewCell.swift in Sources */,
				6B6286AB2240F33600400C0D /* videoPreviewViewController.swift in Sources */,
				6B217D452269ABA000B12A18 /* videosByHahsCollectionViewCell.swift in Sources */,
				6B8EB1472276B054005BB47F /* songDesignVC.swift in Sources */,
				6BA486E7222E451C00E5AD9D /* Player.swift in Sources */,
				6B182E9C2248F33A0061B5A9 /* RecorderError.swift in Sources */,
				6B8EB15F227708E8005BB47F /* songsSectionCollectionViewCell.swift in Sources */,
				6B2AF7DB2227C72900448CC0 /* UtilitiesClass.swift in Sources */,
				6B10EE14226F2D7C009B5813 /* ExampleNavigationController.swift in Sources */,
				5E692EB72252160400E37377 /* Tab1VC.swift in Sources */,
			);
			runOnlyForDeploymentPostprocessing = 0;
		};
		6B1C8381221A961E001E7166 /* Sources */ = {
			isa = PBXSourcesBuildPhase;
			buildActionMask = 2147483647;
			files = (
				6B1C838A221A961E001E7166 /* tiktokTests.swift in Sources */,
			);
			runOnlyForDeploymentPostprocessing = 0;
		};
		6B1C838C221A961E001E7166 /* Sources */ = {
			isa = PBXSourcesBuildPhase;
			buildActionMask = 2147483647;
			files = (
				6B1C8395221A961E001E7166 /* tiktokUITests.swift in Sources */,
			);
			runOnlyForDeploymentPostprocessing = 0;
		};
/* End PBXSourcesBuildPhase section */

/* Begin PBXTargetDependency section */
		6B1C8387221A961E001E7166 /* PBXTargetDependency */ = {
			isa = PBXTargetDependency;
			target = 6B1C836D221A961C001E7166 /* tiktok */;
			targetProxy = 6B1C8386221A961E001E7166 /* PBXContainerItemProxy */;
		};
		6B1C8392221A961E001E7166 /* PBXTargetDependency */ = {
			isa = PBXTargetDependency;
			target = 6B1C836D221A961C001E7166 /* tiktok */;
			targetProxy = 6B1C8391221A961E001E7166 /* PBXContainerItemProxy */;
		};
/* End PBXTargetDependency section */

/* Begin PBXVariantGroup section */
		6B1C8375221A961C001E7166 /* Main.storyboard */ = {
			isa = PBXVariantGroup;
			children = (
				6B1C8376221A961C001E7166 /* Base */,
			);
			name = Main.storyboard;
			sourceTree = "<group>";
		};
		6B1C837D221A961E001E7166 /* LaunchScreen.storyboard */ = {
			isa = PBXVariantGroup;
			children = (
				6B1C837E221A961E001E7166 /* Base */,
			);
			name = LaunchScreen.storyboard;
			sourceTree = "<group>";
		};
/* End PBXVariantGroup section */

/* Begin XCBuildConfiguration section */
		6B1C8397221A961E001E7166 /* Debug */ = {
			isa = XCBuildConfiguration;
			buildSettings = {
				ALWAYS_SEARCH_USER_PATHS = NO;
				CLANG_ANALYZER_NONNULL = YES;
				CLANG_ANALYZER_NUMBER_OBJECT_CONVERSION = YES_AGGRESSIVE;
				CLANG_CXX_LANGUAGE_STANDARD = "gnu++14";
				CLANG_CXX_LIBRARY = "libc++";
				CLANG_ENABLE_MODULES = YES;
				CLANG_ENABLE_OBJC_ARC = YES;
				CLANG_ENABLE_OBJC_WEAK = YES;
				CLANG_WARN_BLOCK_CAPTURE_AUTORELEASING = YES;
				CLANG_WARN_BOOL_CONVERSION = YES;
				CLANG_WARN_COMMA = YES;
				CLANG_WARN_CONSTANT_CONVERSION = YES;
				CLANG_WARN_DEPRECATED_OBJC_IMPLEMENTATIONS = YES;
				CLANG_WARN_DIRECT_OBJC_ISA_USAGE = YES_ERROR;
				CLANG_WARN_DOCUMENTATION_COMMENTS = YES;
				CLANG_WARN_EMPTY_BODY = YES;
				CLANG_WARN_ENUM_CONVERSION = YES;
				CLANG_WARN_INFINITE_RECURSION = YES;
				CLANG_WARN_INT_CONVERSION = YES;
				CLANG_WARN_NON_LITERAL_NULL_CONVERSION = YES;
				CLANG_WARN_OBJC_IMPLICIT_RETAIN_SELF = YES;
				CLANG_WARN_OBJC_LITERAL_CONVERSION = YES;
				CLANG_WARN_OBJC_ROOT_CLASS = YES_ERROR;
				CLANG_WARN_RANGE_LOOP_ANALYSIS = YES;
				CLANG_WARN_STRICT_PROTOTYPES = YES;
				CLANG_WARN_SUSPICIOUS_MOVE = YES;
				CLANG_WARN_UNGUARDED_AVAILABILITY = YES_AGGRESSIVE;
				CLANG_WARN_UNREACHABLE_CODE = YES;
				CLANG_WARN__DUPLICATE_METHOD_MATCH = YES;
				CODE_SIGN_IDENTITY = "iPhone Developer";
				COPY_PHASE_STRIP = NO;
				DEBUG_INFORMATION_FORMAT = dwarf;
				ENABLE_STRICT_OBJC_MSGSEND = YES;
				ENABLE_TESTABILITY = YES;
				GCC_C_LANGUAGE_STANDARD = gnu11;
				GCC_DYNAMIC_NO_PIC = NO;
				GCC_NO_COMMON_BLOCKS = YES;
				GCC_OPTIMIZATION_LEVEL = 0;
				GCC_PREPROCESSOR_DEFINITIONS = (
					"DEBUG=1",
					"$(inherited)",
				);
				GCC_WARN_64_TO_32_BIT_CONVERSION = YES;
				GCC_WARN_ABOUT_RETURN_TYPE = YES_ERROR;
				GCC_WARN_UNDECLARED_SELECTOR = YES;
				GCC_WARN_UNINITIALIZED_AUTOS = YES_AGGRESSIVE;
				GCC_WARN_UNUSED_FUNCTION = YES;
				GCC_WARN_UNUSED_VARIABLE = YES;
				IPHONEOS_DEPLOYMENT_TARGET = 12.1;
				MTL_ENABLE_DEBUG_INFO = INCLUDE_SOURCE;
				MTL_FAST_MATH = YES;
				ONLY_ACTIVE_ARCH = YES;
				SDKROOT = iphoneos;
				SWIFT_ACTIVE_COMPILATION_CONDITIONS = DEBUG;
				SWIFT_OPTIMIZATION_LEVEL = "-Onone";
			};
			name = Debug;
		};
		6B1C8398221A961E001E7166 /* Release */ = {
			isa = XCBuildConfiguration;
			buildSettings = {
				ALWAYS_SEARCH_USER_PATHS = NO;
				CLANG_ANALYZER_NONNULL = YES;
				CLANG_ANALYZER_NUMBER_OBJECT_CONVERSION = YES_AGGRESSIVE;
				CLANG_CXX_LANGUAGE_STANDARD = "gnu++14";
				CLANG_CXX_LIBRARY = "libc++";
				CLANG_ENABLE_MODULES = YES;
				CLANG_ENABLE_OBJC_ARC = YES;
				CLANG_ENABLE_OBJC_WEAK = YES;
				CLANG_WARN_BLOCK_CAPTURE_AUTORELEASING = YES;
				CLANG_WARN_BOOL_CONVERSION = YES;
				CLANG_WARN_COMMA = YES;
				CLANG_WARN_CONSTANT_CONVERSION = YES;
				CLANG_WARN_DEPRECATED_OBJC_IMPLEMENTATIONS = YES;
				CLANG_WARN_DIRECT_OBJC_ISA_USAGE = YES_ERROR;
				CLANG_WARN_DOCUMENTATION_COMMENTS = YES;
				CLANG_WARN_EMPTY_BODY = YES;
				CLANG_WARN_ENUM_CONVERSION = YES;
				CLANG_WARN_INFINITE_RECURSION = YES;
				CLANG_WARN_INT_CONVERSION = YES;
				CLANG_WARN_NON_LITERAL_NULL_CONVERSION = YES;
				CLANG_WARN_OBJC_IMPLICIT_RETAIN_SELF = YES;
				CLANG_WARN_OBJC_LITERAL_CONVERSION = YES;
				CLANG_WARN_OBJC_ROOT_CLASS = YES_ERROR;
				CLANG_WARN_RANGE_LOOP_ANALYSIS = YES;
				CLANG_WARN_STRICT_PROTOTYPES = YES;
				CLANG_WARN_SUSPICIOUS_MOVE = YES;
				CLANG_WARN_UNGUARDED_AVAILABILITY = YES_AGGRESSIVE;
				CLANG_WARN_UNREACHABLE_CODE = YES;
				CLANG_WARN__DUPLICATE_METHOD_MATCH = YES;
				CODE_SIGN_IDENTITY = "iPhone Developer";
				COPY_PHASE_STRIP = NO;
				DEBUG_INFORMATION_FORMAT = "dwarf-with-dsym";
				ENABLE_NS_ASSERTIONS = NO;
				ENABLE_STRICT_OBJC_MSGSEND = YES;
				GCC_C_LANGUAGE_STANDARD = gnu11;
				GCC_NO_COMMON_BLOCKS = YES;
				GCC_WARN_64_TO_32_BIT_CONVERSION = YES;
				GCC_WARN_ABOUT_RETURN_TYPE = YES_ERROR;
				GCC_WARN_UNDECLARED_SELECTOR = YES;
				GCC_WARN_UNINITIALIZED_AUTOS = YES_AGGRESSIVE;
				GCC_WARN_UNUSED_FUNCTION = YES;
				GCC_WARN_UNUSED_VARIABLE = YES;
				IPHONEOS_DEPLOYMENT_TARGET = 12.1;
				MTL_ENABLE_DEBUG_INFO = NO;
				MTL_FAST_MATH = YES;
				SDKROOT = iphoneos;
				SWIFT_COMPILATION_MODE = wholemodule;
				SWIFT_OPTIMIZATION_LEVEL = "-O";
				VALIDATE_PRODUCT = YES;
			};
			name = Release;
		};
		6B1C839A221A961E001E7166 /* Debug */ = {
			isa = XCBuildConfiguration;
			baseConfigurationReference = BA7FF8FE532EFBDD0E5DF71A /* Pods-tiktok.debug.xcconfig */;
			buildSettings = {
				ASSETCATALOG_COMPILER_APPICON_NAME = AppIcon;
				CODE_SIGN_IDENTITY = "iPhone Developer";
				CODE_SIGN_STYLE = Automatic;
				DEVELOPMENT_TEAM = KGRX6TP52P;
				INFOPLIST_FILE = tiktok/Info.plist;
				LD_RUNPATH_SEARCH_PATHS = (
					"$(inherited)",
					"@executable_path/Frameworks",
				);
				PRODUCT_BUNDLE_IDENTIFIER = possibillion.tiktok10;
				PRODUCT_NAME = "$(TARGET_NAME)";
				PROVISIONING_PROFILE_SPECIFIER = "";
				SWIFT_VERSION = 4.2;
				TARGETED_DEVICE_FAMILY = 1;
			};
			name = Debug;
		};
		6B1C839B221A961E001E7166 /* Release */ = {
			isa = XCBuildConfiguration;
			baseConfigurationReference = C33AF9E5E75A338F7CAF0802 /* Pods-tiktok.release.xcconfig */;
			buildSettings = {
				ASSETCATALOG_COMPILER_APPICON_NAME = AppIcon;
				CODE_SIGN_IDENTITY = "iPhone Developer";
				CODE_SIGN_STYLE = Automatic;
				DEVELOPMENT_TEAM = KGRX6TP52P;
				INFOPLIST_FILE = tiktok/Info.plist;
				LD_RUNPATH_SEARCH_PATHS = (
					"$(inherited)",
					"@executable_path/Frameworks",
				);
				PRODUCT_BUNDLE_IDENTIFIER = possibillion.tiktok10;
				PRODUCT_NAME = "$(TARGET_NAME)";
				PROVISIONING_PROFILE_SPECIFIER = "";
				SWIFT_VERSION = 4.2;
				TARGETED_DEVICE_FAMILY = 1;
			};
			name = Release;
		};
		6B1C839D221A961E001E7166 /* Debug */ = {
			isa = XCBuildConfiguration;
			baseConfigurationReference = B67E533ABB309204160C4357 /* Pods-tiktokTests.debug.xcconfig */;
			buildSettings = {
				ALWAYS_EMBED_SWIFT_STANDARD_LIBRARIES = YES;
				BUNDLE_LOADER = "$(TEST_HOST)";
				CODE_SIGN_STYLE = Automatic;
				INFOPLIST_FILE = tiktokTests/Info.plist;
				LD_RUNPATH_SEARCH_PATHS = (
					"$(inherited)",
					"@executable_path/Frameworks",
					"@loader_path/Frameworks",
				);
				PRODUCT_BUNDLE_IDENTIFIER = possibilliontech.tiktokTests;
				PRODUCT_NAME = "$(TARGET_NAME)";
				SWIFT_VERSION = 4.2;
				TARGETED_DEVICE_FAMILY = "1,2";
				TEST_HOST = "$(BUILT_PRODUCTS_DIR)/tiktok.app/tiktok";
			};
			name = Debug;
		};
		6B1C839E221A961E001E7166 /* Release */ = {
			isa = XCBuildConfiguration;
			baseConfigurationReference = 0E8089E63B1C7931B1F2C363 /* Pods-tiktokTests.release.xcconfig */;
			buildSettings = {
				ALWAYS_EMBED_SWIFT_STANDARD_LIBRARIES = YES;
				BUNDLE_LOADER = "$(TEST_HOST)";
				CODE_SIGN_STYLE = Automatic;
				INFOPLIST_FILE = tiktokTests/Info.plist;
				LD_RUNPATH_SEARCH_PATHS = (
					"$(inherited)",
					"@executable_path/Frameworks",
					"@loader_path/Frameworks",
				);
				PRODUCT_BUNDLE_IDENTIFIER = possibilliontech.tiktokTests;
				PRODUCT_NAME = "$(TARGET_NAME)";
				SWIFT_VERSION = 4.2;
				TARGETED_DEVICE_FAMILY = "1,2";
				TEST_HOST = "$(BUILT_PRODUCTS_DIR)/tiktok.app/tiktok";
			};
			name = Release;
		};
		6B1C83A0221A961E001E7166 /* Debug */ = {
			isa = XCBuildConfiguration;
			baseConfigurationReference = 2A3DD5DD5E8E0F28594EB560 /* Pods-tiktokUITests.debug.xcconfig */;
			buildSettings = {
				ALWAYS_EMBED_SWIFT_STANDARD_LIBRARIES = YES;
				CODE_SIGN_STYLE = Automatic;
				INFOPLIST_FILE = tiktokUITests/Info.plist;
				LD_RUNPATH_SEARCH_PATHS = (
					"$(inherited)",
					"@executable_path/Frameworks",
					"@loader_path/Frameworks",
				);
				PRODUCT_BUNDLE_IDENTIFIER = possibilliontech.tiktokUITests;
				PRODUCT_NAME = "$(TARGET_NAME)";
				SWIFT_VERSION = 4.2;
				TARGETED_DEVICE_FAMILY = "1,2";
				TEST_TARGET_NAME = tiktok;
			};
			name = Debug;
		};
		6B1C83A1221A961E001E7166 /* Release */ = {
			isa = XCBuildConfiguration;
			baseConfigurationReference = 1EAADC32711315752DF185B2 /* Pods-tiktokUITests.release.xcconfig */;
			buildSettings = {
				ALWAYS_EMBED_SWIFT_STANDARD_LIBRARIES = YES;
				CODE_SIGN_STYLE = Automatic;
				INFOPLIST_FILE = tiktokUITests/Info.plist;
				LD_RUNPATH_SEARCH_PATHS = (
					"$(inherited)",
					"@executable_path/Frameworks",
					"@loader_path/Frameworks",
				);
				PRODUCT_BUNDLE_IDENTIFIER = possibilliontech.tiktokUITests;
				PRODUCT_NAME = "$(TARGET_NAME)";
				SWIFT_VERSION = 4.2;
				TARGETED_DEVICE_FAMILY = "1,2";
				TEST_TARGET_NAME = tiktok;
			};
			name = Release;
		};
/* End XCBuildConfiguration section */

/* Begin XCConfigurationList section */
		6B1C8369221A961C001E7166 /* Build configuration list for PBXProject "tiktok" */ = {
			isa = XCConfigurationList;
			buildConfigurations = (
				6B1C8397221A961E001E7166 /* Debug */,
				6B1C8398221A961E001E7166 /* Release */,
			);
			defaultConfigurationIsVisible = 0;
			defaultConfigurationName = Release;
		};
		6B1C8399221A961E001E7166 /* Build configuration list for PBXNativeTarget "tiktok" */ = {
			isa = XCConfigurationList;
			buildConfigurations = (
				6B1C839A221A961E001E7166 /* Debug */,
				6B1C839B221A961E001E7166 /* Release */,
			);
			defaultConfigurationIsVisible = 0;
			defaultConfigurationName = Release;
		};
		6B1C839C221A961E001E7166 /* Build configuration list for PBXNativeTarget "tiktokTests" */ = {
			isa = XCConfigurationList;
			buildConfigurations = (
				6B1C839D221A961E001E7166 /* Debug */,
				6B1C839E221A961E001E7166 /* Release */,
			);
			defaultConfigurationIsVisible = 0;
			defaultConfigurationName = Release;
		};
		6B1C839F221A961E001E7166 /* Build configuration list for PBXNativeTarget "tiktokUITests" */ = {
			isa = XCConfigurationList;
			buildConfigurations = (
				6B1C83A0221A961E001E7166 /* Debug */,
				6B1C83A1221A961E001E7166 /* Release */,
			);
			defaultConfigurationIsVisible = 0;
			defaultConfigurationName = Release;
		};
/* End XCConfigurationList section */

/* Begin XCVersionGroup section */
		6B1C8378221A961C001E7166 /* tiktok.xcdatamodeld */ = {
			isa = XCVersionGroup;
			children = (
				6B1C8379221A961C001E7166 /* tiktok.xcdatamodel */,
			);
			currentVersion = 6B1C8379221A961C001E7166 /* tiktok.xcdatamodel */;
			path = tiktok.xcdatamodeld;
			sourceTree = "<group>";
			versionGroupType = wrapper.xcdatamodel;
		};
/* End XCVersionGroup section */
	};
	rootObject = 6B1C8366221A961C001E7166 /* Project object */;
}
